// !$*UTF8*$!
{
	archiveVersion = 1;
	classes = {
	};
	objectVersion = 56;
	objects = {

/* Begin PBXBuildFile section */
		073955B85309450D0EAF8661 /* Pods_TVMaze.framework in Frameworks */ = {isa = PBXBuildFile; fileRef = EE2CB38ECD1661A840A9E4EE /* Pods_TVMaze.framework */; };
		B4EBFB422B922C63003A0A05 /* AppDelegate.swift in Sources */ = {isa = PBXBuildFile; fileRef = B4EBFB412B922C63003A0A05 /* AppDelegate.swift */; };
		B4EBFB442B922C63003A0A05 /* SceneDelegate.swift in Sources */ = {isa = PBXBuildFile; fileRef = B4EBFB432B922C63003A0A05 /* SceneDelegate.swift */; };
		B4EBFB462B922C63003A0A05 /* ViewController.swift in Sources */ = {isa = PBXBuildFile; fileRef = B4EBFB452B922C63003A0A05 /* ViewController.swift */; };
		B4EBFB492B922C63003A0A05 /* Main.storyboard in Resources */ = {isa = PBXBuildFile; fileRef = B4EBFB472B922C63003A0A05 /* Main.storyboard */; };
		B4EBFB4B2B922C68003A0A05 /* Assets.xcassets in Resources */ = {isa = PBXBuildFile; fileRef = B4EBFB4A2B922C68003A0A05 /* Assets.xcassets */; };
		B4EBFB4E2B922C68003A0A05 /* LaunchScreen.storyboard in Resources */ = {isa = PBXBuildFile; fileRef = B4EBFB4C2B922C68003A0A05 /* LaunchScreen.storyboard */; };
		B4EBFB592B922C68003A0A05 /* TVMazeTests.swift in Sources */ = {isa = PBXBuildFile; fileRef = B4EBFB582B922C68003A0A05 /* TVMazeTests.swift */; };
		CB861EA0E9F88D60B5BEAD30 /* Pods_TVMazeTests.framework in Frameworks */ = {isa = PBXBuildFile; fileRef = 178C082D34080E46F001685C /* Pods_TVMazeTests.framework */; };
/* End PBXBuildFile section */

/* Begin PBXContainerItemProxy section */
		B4EBFB552B922C68003A0A05 /* PBXContainerItemProxy */ = {
			isa = PBXContainerItemProxy;
			containerPortal = B4EBFB362B922C63003A0A05 /* Project object */;
			proxyType = 1;
			remoteGlobalIDString = B4EBFB3D2B922C63003A0A05;
			remoteInfo = TVMaze;
		};
/* End PBXContainerItemProxy section */

/* Begin PBXFileReference section */
		178C082D34080E46F001685C /* Pods_TVMazeTests.framework */ = {isa = PBXFileReference; explicitFileType = wrapper.framework; includeInIndex = 0; path = Pods_TVMazeTests.framework; sourceTree = BUILT_PRODUCTS_DIR; };
		1D9B301FE30A41B611D0582C /* Pods-TVMazeTests.debug.xcconfig */ = {isa = PBXFileReference; includeInIndex = 1; lastKnownFileType = text.xcconfig; name = "Pods-TVMazeTests.debug.xcconfig"; path = "Target Support Files/Pods-TVMazeTests/Pods-TVMazeTests.debug.xcconfig"; sourceTree = "<group>"; };
		358E9DA16484A5E16E8C1446 /* Pods-TVMaze.release.xcconfig */ = {isa = PBXFileReference; includeInIndex = 1; lastKnownFileType = text.xcconfig; name = "Pods-TVMaze.release.xcconfig"; path = "Target Support Files/Pods-TVMaze/Pods-TVMaze.release.xcconfig"; sourceTree = "<group>"; };
		A6C71724DBDB1139A00F4E48 /* Pods-TVMaze.debug.xcconfig */ = {isa = PBXFileReference; includeInIndex = 1; lastKnownFileType = text.xcconfig; name = "Pods-TVMaze.debug.xcconfig"; path = "Target Support Files/Pods-TVMaze/Pods-TVMaze.debug.xcconfig"; sourceTree = "<group>"; };
		B4EBFB3E2B922C63003A0A05 /* TVMaze.app */ = {isa = PBXFileReference; explicitFileType = wrapper.application; includeInIndex = 0; path = TVMaze.app; sourceTree = BUILT_PRODUCTS_DIR; };
		B4EBFB412B922C63003A0A05 /* AppDelegate.swift */ = {isa = PBXFileReference; lastKnownFileType = sourcecode.swift; path = AppDelegate.swift; sourceTree = "<group>"; };
		B4EBFB432B922C63003A0A05 /* SceneDelegate.swift */ = {isa = PBXFileReference; lastKnownFileType = sourcecode.swift; path = SceneDelegate.swift; sourceTree = "<group>"; };
		B4EBFB452B922C63003A0A05 /* ViewController.swift */ = {isa = PBXFileReference; lastKnownFileType = sourcecode.swift; path = ViewController.swift; sourceTree = "<group>"; };
		B4EBFB482B922C63003A0A05 /* Base */ = {isa = PBXFileReference; lastKnownFileType = file.storyboard; name = Base; path = Base.lproj/Main.storyboard; sourceTree = "<group>"; };
		B4EBFB4A2B922C68003A0A05 /* Assets.xcassets */ = {isa = PBXFileReference; lastKnownFileType = folder.assetcatalog; path = Assets.xcassets; sourceTree = "<group>"; };
		B4EBFB4D2B922C68003A0A05 /* Base */ = {isa = PBXFileReference; lastKnownFileType = file.storyboard; name = Base; path = Base.lproj/LaunchScreen.storyboard; sourceTree = "<group>"; };
		B4EBFB4F2B922C68003A0A05 /* Info.plist */ = {isa = PBXFileReference; lastKnownFileType = text.plist.xml; path = Info.plist; sourceTree = "<group>"; };
		B4EBFB542B922C68003A0A05 /* TVMazeTests.xctest */ = {isa = PBXFileReference; explicitFileType = wrapper.cfbundle; includeInIndex = 0; path = TVMazeTests.xctest; sourceTree = BUILT_PRODUCTS_DIR; };
		B4EBFB582B922C68003A0A05 /* TVMazeTests.swift */ = {isa = PBXFileReference; lastKnownFileType = sourcecode.swift; path = TVMazeTests.swift; sourceTree = "<group>"; };
		DEFE72ECEDF16685E3813E1A /* Pods-TVMazeTests.release.xcconfig */ = {isa = PBXFileReference; includeInIndex = 1; lastKnownFileType = text.xcconfig; name = "Pods-TVMazeTests.release.xcconfig"; path = "Target Support Files/Pods-TVMazeTests/Pods-TVMazeTests.release.xcconfig"; sourceTree = "<group>"; };
		EE2CB38ECD1661A840A9E4EE /* Pods_TVMaze.framework */ = {isa = PBXFileReference; explicitFileType = wrapper.framework; includeInIndex = 0; path = Pods_TVMaze.framework; sourceTree = BUILT_PRODUCTS_DIR; };
/* End PBXFileReference section */

/* Begin PBXFrameworksBuildPhase section */
		B4EBFB3B2B922C63003A0A05 /* Frameworks */ = {
			isa = PBXFrameworksBuildPhase;
			buildActionMask = 2147483647;
			files = (
				073955B85309450D0EAF8661 /* Pods_TVMaze.framework in Frameworks */,
			);
			runOnlyForDeploymentPostprocessing = 0;
		};
		B4EBFB512B922C68003A0A05 /* Frameworks */ = {
			isa = PBXFrameworksBuildPhase;
			buildActionMask = 2147483647;
			files = (
				CB861EA0E9F88D60B5BEAD30 /* Pods_TVMazeTests.framework in Frameworks */,
			);
			runOnlyForDeploymentPostprocessing = 0;
		};
/* End PBXFrameworksBuildPhase section */

/* Begin PBXGroup section */
		297F7DD20CBDEE69E6E8A03C /* Frameworks */ = {
			isa = PBXGroup;
			children = (
				EE2CB38ECD1661A840A9E4EE /* Pods_TVMaze.framework */,
				178C082D34080E46F001685C /* Pods_TVMazeTests.framework */,
			);
			name = Frameworks;
			sourceTree = "<group>";
		};
		73304D7E74FE01CD5AA5061B /* Pods */ = {
			isa = PBXGroup;
			children = (
				A6C71724DBDB1139A00F4E48 /* Pods-TVMaze.debug.xcconfig */,
				358E9DA16484A5E16E8C1446 /* Pods-TVMaze.release.xcconfig */,
				1D9B301FE30A41B611D0582C /* Pods-TVMazeTests.debug.xcconfig */,
				DEFE72ECEDF16685E3813E1A /* Pods-TVMazeTests.release.xcconfig */,
			);
			path = Pods;
			sourceTree = "<group>";
		};
		B4EBFB352B922C63003A0A05 = {
			isa = PBXGroup;
			children = (
				B4EBFB402B922C63003A0A05 /* TVMaze */,
				B4EBFB572B922C68003A0A05 /* TVMazeTests */,
				B4EBFB3F2B922C63003A0A05 /* Products */,
				73304D7E74FE01CD5AA5061B /* Pods */,
				297F7DD20CBDEE69E6E8A03C /* Frameworks */,
			);
			sourceTree = "<group>";
		};
		B4EBFB3F2B922C63003A0A05 /* Products */ = {
			isa = PBXGroup;
			children = (
				B4EBFB3E2B922C63003A0A05 /* TVMaze.app */,
				B4EBFB542B922C68003A0A05 /* TVMazeTests.xctest */,
			);
			name = Products;
			sourceTree = "<group>";
		};
		B4EBFB402B922C63003A0A05 /* TVMaze */ = {
			isa = PBXGroup;
			children = (
				B4EBFB412B922C63003A0A05 /* AppDelegate.swift */,
				B4EBFB432B922C63003A0A05 /* SceneDelegate.swift */,
				B4EBFB452B922C63003A0A05 /* ViewController.swift */,
				B4EBFB472B922C63003A0A05 /* Main.storyboard */,
				B4EBFB4A2B922C68003A0A05 /* Assets.xcassets */,
				B4EBFB4C2B922C68003A0A05 /* LaunchScreen.storyboard */,
				B4EBFB4F2B922C68003A0A05 /* Info.plist */,
			);
			path = TVMaze;
			sourceTree = "<group>";
		};
		B4EBFB572B922C68003A0A05 /* TVMazeTests */ = {
			isa = PBXGroup;
			children = (
				B4EBFB582B922C68003A0A05 /* TVMazeTests.swift */,
			);
			path = TVMazeTests;
			sourceTree = "<group>";
		};
/* End PBXGroup section */

/* Begin PBXNativeTarget section */
		B4EBFB3D2B922C63003A0A05 /* TVMaze */ = {
			isa = PBXNativeTarget;
			buildConfigurationList = B4EBFB682B922C68003A0A05 /* Build configuration list for PBXNativeTarget "TVMaze" */;
			buildPhases = (
				72EA598619970BF0E6F715CB /* [CP] Check Pods Manifest.lock */,
				B4EBFB3A2B922C63003A0A05 /* Sources */,
				B4EBFB3B2B922C63003A0A05 /* Frameworks */,
				B4EBFB3C2B922C63003A0A05 /* Resources */,
				1EF2B8361C35E0711ABE8B13 /* [CP] Embed Pods Frameworks */,
				B4EBFB712B922EE2003A0A05 /* Swiftlint */,
			);
			buildRules = (
			);
			dependencies = (
			);
			name = TVMaze;
			productName = TVMaze;
			productReference = B4EBFB3E2B922C63003A0A05 /* TVMaze.app */;
			productType = "com.apple.product-type.application";
		};
		B4EBFB532B922C68003A0A05 /* TVMazeTests */ = {
			isa = PBXNativeTarget;
			buildConfigurationList = B4EBFB6B2B922C68003A0A05 /* Build configuration list for PBXNativeTarget "TVMazeTests" */;
			buildPhases = (
				2DA758DB90A82D5E9386C338 /* [CP] Check Pods Manifest.lock */,
				B4EBFB502B922C68003A0A05 /* Sources */,
				B4EBFB512B922C68003A0A05 /* Frameworks */,
				B4EBFB522B922C68003A0A05 /* Resources */,
			);
			buildRules = (
			);
			dependencies = (
				B4EBFB562B922C68003A0A05 /* PBXTargetDependency */,
			);
			name = TVMazeTests;
			productName = TVMazeTests;
			productReference = B4EBFB542B922C68003A0A05 /* TVMazeTests.xctest */;
			productType = "com.apple.product-type.bundle.unit-test";
		};
/* End PBXNativeTarget section */

/* Begin PBXProject section */
		B4EBFB362B922C63003A0A05 /* Project object */ = {
			isa = PBXProject;
			attributes = {
				BuildIndependentTargetsInParallel = 1;
				LastSwiftUpdateCheck = 1500;
				LastUpgradeCheck = 1500;
				TargetAttributes = {
					B4EBFB3D2B922C63003A0A05 = {
						CreatedOnToolsVersion = 15.0.1;
					};
					B4EBFB532B922C68003A0A05 = {
						CreatedOnToolsVersion = 15.0.1;
						TestTargetID = B4EBFB3D2B922C63003A0A05;
					};
				};
			};
			buildConfigurationList = B4EBFB392B922C63003A0A05 /* Build configuration list for PBXProject "TVMaze" */;
			compatibilityVersion = "Xcode 14.0";
			developmentRegion = en;
			hasScannedForEncodings = 0;
			knownRegions = (
				en,
				Base,
			);
			mainGroup = B4EBFB352B922C63003A0A05;
			productRefGroup = B4EBFB3F2B922C63003A0A05 /* Products */;
			projectDirPath = "";
			projectRoot = "";
			targets = (
				B4EBFB3D2B922C63003A0A05 /* TVMaze */,
				B4EBFB532B922C68003A0A05 /* TVMazeTests */,
			);
		};
/* End PBXProject section */

/* Begin PBXResourcesBuildPhase section */
		B4EBFB3C2B922C63003A0A05 /* Resources */ = {
			isa = PBXResourcesBuildPhase;
			buildActionMask = 2147483647;
			files = (
				B4EBFB4E2B922C68003A0A05 /* LaunchScreen.storyboard in Resources */,
				B4EBFB4B2B922C68003A0A05 /* Assets.xcassets in Resources */,
				B4EBFB492B922C63003A0A05 /* Main.storyboard in Resources */,
			);
			runOnlyForDeploymentPostprocessing = 0;
		};
		B4EBFB522B922C68003A0A05 /* Resources */ = {
			isa = PBXResourcesBuildPhase;
			buildActionMask = 2147483647;
			files = (
			);
			runOnlyForDeploymentPostprocessing = 0;
		};
/* End PBXResourcesBuildPhase section */

/* Begin PBXShellScriptBuildPhase section */
		1EF2B8361C35E0711ABE8B13 /* [CP] Embed Pods Frameworks */ = {
			isa = PBXShellScriptBuildPhase;
			buildActionMask = 2147483647;
			files = (
			);
			inputFileListPaths = (
				"${PODS_ROOT}/Target Support Files/Pods-TVMaze/Pods-TVMaze-frameworks-${CONFIGURATION}-input-files.xcfilelist",
			);
			name = "[CP] Embed Pods Frameworks";
			outputFileListPaths = (
				"${PODS_ROOT}/Target Support Files/Pods-TVMaze/Pods-TVMaze-frameworks-${CONFIGURATION}-output-files.xcfilelist",
			);
			runOnlyForDeploymentPostprocessing = 0;
			shellPath = /bin/sh;
			shellScript = "\"${PODS_ROOT}/Target Support Files/Pods-TVMaze/Pods-TVMaze-frameworks.sh\"\n";
			showEnvVarsInLog = 0;
		};
		2DA758DB90A82D5E9386C338 /* [CP] Check Pods Manifest.lock */ = {
			isa = PBXShellScriptBuildPhase;
			buildActionMask = 2147483647;
			files = (
			);
			inputFileListPaths = (
			);
			inputPaths = (
				"${PODS_PODFILE_DIR_PATH}/Podfile.lock",
				"${PODS_ROOT}/Manifest.lock",
			);
			name = "[CP] Check Pods Manifest.lock";
			outputFileListPaths = (
			);
			outputPaths = (
				"$(DERIVED_FILE_DIR)/Pods-TVMazeTests-checkManifestLockResult.txt",
			);
			runOnlyForDeploymentPostprocessing = 0;
			shellPath = /bin/sh;
			shellScript = "diff \"${PODS_PODFILE_DIR_PATH}/Podfile.lock\" \"${PODS_ROOT}/Manifest.lock\" > /dev/null\nif [ $? != 0 ] ; then\n    # print error to STDERR\n    echo \"error: The sandbox is not in sync with the Podfile.lock. Run 'pod install' or update your CocoaPods installation.\" >&2\n    exit 1\nfi\n# This output is used by Xcode 'outputs' to avoid re-running this script phase.\necho \"SUCCESS\" > \"${SCRIPT_OUTPUT_FILE_0}\"\n";
			showEnvVarsInLog = 0;
		};
		72EA598619970BF0E6F715CB /* [CP] Check Pods Manifest.lock */ = {
			isa = PBXShellScriptBuildPhase;
			buildActionMask = 2147483647;
			files = (
			);
			inputFileListPaths = (
			);
			inputPaths = (
				"${PODS_PODFILE_DIR_PATH}/Podfile.lock",
				"${PODS_ROOT}/Manifest.lock",
			);
			name = "[CP] Check Pods Manifest.lock";
			outputFileListPaths = (
			);
			outputPaths = (
				"$(DERIVED_FILE_DIR)/Pods-TVMaze-checkManifestLockResult.txt",
			);
			runOnlyForDeploymentPostprocessing = 0;
			shellPath = /bin/sh;
			shellScript = "diff \"${PODS_PODFILE_DIR_PATH}/Podfile.lock\" \"${PODS_ROOT}/Manifest.lock\" > /dev/null\nif [ $? != 0 ] ; then\n    # print error to STDERR\n    echo \"error: The sandbox is not in sync with the Podfile.lock. Run 'pod install' or update your CocoaPods installation.\" >&2\n    exit 1\nfi\n# This output is used by Xcode 'outputs' to avoid re-running this script phase.\necho \"SUCCESS\" > \"${SCRIPT_OUTPUT_FILE_0}\"\n";
			showEnvVarsInLog = 0;
		};
		B4EBFB712B922EE2003A0A05 /* Swiftlint */ = {
			isa = PBXShellScriptBuildPhase;
			alwaysOutOfDate = 1;
			buildActionMask = 2147483647;
			files = (
			);
			inputFileListPaths = (
			);
			inputPaths = (
			);
			name = Swiftlint;
			outputFileListPaths = (
			);
			outputPaths = (
			);
			runOnlyForDeploymentPostprocessing = 0;
			shellPath = /bin/sh;
			shellScript = "\"${PODS_ROOT}/SwiftLint/swiftlint\"\n";
		};
/* End PBXShellScriptBuildPhase section */

/* Begin PBXSourcesBuildPhase section */
		B4EBFB3A2B922C63003A0A05 /* Sources */ = {
			isa = PBXSourcesBuildPhase;
			buildActionMask = 2147483647;
			files = (
				B4EBFB462B922C63003A0A05 /* ViewController.swift in Sources */,
				B4EBFB422B922C63003A0A05 /* AppDelegate.swift in Sources */,
				B4EBFB442B922C63003A0A05 /* SceneDelegate.swift in Sources */,
			);
			runOnlyForDeploymentPostprocessing = 0;
		};
		B4EBFB502B922C68003A0A05 /* Sources */ = {
			isa = PBXSourcesBuildPhase;
			buildActionMask = 2147483647;
			files = (
				B4EBFB592B922C68003A0A05 /* TVMazeTests.swift in Sources */,
			);
			runOnlyForDeploymentPostprocessing = 0;
		};
/* End PBXSourcesBuildPhase section */

/* Begin PBXTargetDependency section */
		B4EBFB562B922C68003A0A05 /* PBXTargetDependency */ = {
			isa = PBXTargetDependency;
			target = B4EBFB3D2B922C63003A0A05 /* TVMaze */;
			targetProxy = B4EBFB552B922C68003A0A05 /* PBXContainerItemProxy */;
		};
/* End PBXTargetDependency section */

/* Begin PBXVariantGroup section */
		B4EBFB472B922C63003A0A05 /* Main.storyboard */ = {
			isa = PBXVariantGroup;
			children = (
				B4EBFB482B922C63003A0A05 /* Base */,
			);
			name = Main.storyboard;
			sourceTree = "<group>";
		};
		B4EBFB4C2B922C68003A0A05 /* LaunchScreen.storyboard */ = {
			isa = PBXVariantGroup;
			children = (
				B4EBFB4D2B922C68003A0A05 /* Base */,
			);
			name = LaunchScreen.storyboard;
			sourceTree = "<group>";
		};
/* End PBXVariantGroup section */

/* Begin XCBuildConfiguration section */
		B4EBFB662B922C68003A0A05 /* Debug */ = {
			isa = XCBuildConfiguration;
			buildSettings = {
				ALWAYS_SEARCH_USER_PATHS = NO;
				ASSETCATALOG_COMPILER_GENERATE_SWIFT_ASSET_SYMBOL_EXTENSIONS = YES;
				CLANG_ANALYZER_NONNULL = YES;
				CLANG_ANALYZER_NUMBER_OBJECT_CONVERSION = YES_AGGRESSIVE;
				CLANG_CXX_LANGUAGE_STANDARD = "gnu++20";
				CLANG_ENABLE_MODULES = YES;
				CLANG_ENABLE_OBJC_ARC = YES;
				CLANG_ENABLE_OBJC_WEAK = YES;
				CLANG_WARN_BLOCK_CAPTURE_AUTORELEASING = YES;
				CLANG_WARN_BOOL_CONVERSION = YES;
				CLANG_WARN_COMMA = YES;
				CLANG_WARN_CONSTANT_CONVERSION = YES;
				CLANG_WARN_DEPRECATED_OBJC_IMPLEMENTATIONS = YES;
				CLANG_WARN_DIRECT_OBJC_ISA_USAGE = YES_ERROR;
				CLANG_WARN_DOCUMENTATION_COMMENTS = YES;
				CLANG_WARN_EMPTY_BODY = YES;
				CLANG_WARN_ENUM_CONVERSION = YES;
				CLANG_WARN_INFINITE_RECURSION = YES;
				CLANG_WARN_INT_CONVERSION = YES;
				CLANG_WARN_NON_LITERAL_NULL_CONVERSION = YES;
				CLANG_WARN_OBJC_IMPLICIT_RETAIN_SELF = YES;
				CLANG_WARN_OBJC_LITERAL_CONVERSION = YES;
				CLANG_WARN_OBJC_ROOT_CLASS = YES_ERROR;
				CLANG_WARN_QUOTED_INCLUDE_IN_FRAMEWORK_HEADER = YES;
				CLANG_WARN_RANGE_LOOP_ANALYSIS = YES;
				CLANG_WARN_STRICT_PROTOTYPES = YES;
				CLANG_WARN_SUSPICIOUS_MOVE = YES;
				CLANG_WARN_UNGUARDED_AVAILABILITY = YES_AGGRESSIVE;
				CLANG_WARN_UNREACHABLE_CODE = YES;
				CLANG_WARN__DUPLICATE_METHOD_MATCH = YES;
				COPY_PHASE_STRIP = NO;
				DEBUG_INFORMATION_FORMAT = dwarf;
				ENABLE_STRICT_OBJC_MSGSEND = YES;
				ENABLE_TESTABILITY = YES;
				ENABLE_USER_SCRIPT_SANDBOXING = NO;
				GCC_C_LANGUAGE_STANDARD = gnu17;
				GCC_DYNAMIC_NO_PIC = NO;
				GCC_NO_COMMON_BLOCKS = YES;
				GCC_OPTIMIZATION_LEVEL = 0;
				GCC_PREPROCESSOR_DEFINITIONS = (
					"DEBUG=1",
					"$(inherited)",
				);
				GCC_WARN_64_TO_32_BIT_CONVERSION = YES;
				GCC_WARN_ABOUT_RETURN_TYPE = YES_ERROR;
				GCC_WARN_UNDECLARED_SELECTOR = YES;
				GCC_WARN_UNINITIALIZED_AUTOS = YES_AGGRESSIVE;
				GCC_WARN_UNUSED_FUNCTION = YES;
				GCC_WARN_UNUSED_VARIABLE = YES;
				IPHONEOS_DEPLOYMENT_TARGET = 15.0;
				LOCALIZATION_PREFERS_STRING_CATALOGS = YES;
				MTL_ENABLE_DEBUG_INFO = INCLUDE_SOURCE;
				MTL_FAST_MATH = YES;
				ONLY_ACTIVE_ARCH = YES;
				SDKROOT = iphoneos;
				SWIFT_ACTIVE_COMPILATION_CONDITIONS = "DEBUG $(inherited)";
				SWIFT_OPTIMIZATION_LEVEL = "-Onone";
			};
			name = Debug;
		};
		B4EBFB672B922C68003A0A05 /* Release */ = {
			isa = XCBuildConfiguration;
			buildSettings = {
				ALWAYS_SEARCH_USER_PATHS = NO;
				ASSETCATALOG_COMPILER_GENERATE_SWIFT_ASSET_SYMBOL_EXTENSIONS = YES;
				CLANG_ANALYZER_NONNULL = YES;
				CLANG_ANALYZER_NUMBER_OBJECT_CONVERSION = YES_AGGRESSIVE;
				CLANG_CXX_LANGUAGE_STANDARD = "gnu++20";
				CLANG_ENABLE_MODULES = YES;
				CLANG_ENABLE_OBJC_ARC = YES;
				CLANG_ENABLE_OBJC_WEAK = YES;
				CLANG_WARN_BLOCK_CAPTURE_AUTORELEASING = YES;
				CLANG_WARN_BOOL_CONVERSION = YES;
				CLANG_WARN_COMMA = YES;
				CLANG_WARN_CONSTANT_CONVERSION = YES;
				CLANG_WARN_DEPRECATED_OBJC_IMPLEMENTATIONS = YES;
				CLANG_WARN_DIRECT_OBJC_ISA_USAGE = YES_ERROR;
				CLANG_WARN_DOCUMENTATION_COMMENTS = YES;
				CLANG_WARN_EMPTY_BODY = YES;
				CLANG_WARN_ENUM_CONVERSION = YES;
				CLANG_WARN_INFINITE_RECURSION = YES;
				CLANG_WARN_INT_CONVERSION = YES;
				CLANG_WARN_NON_LITERAL_NULL_CONVERSION = YES;
				CLANG_WARN_OBJC_IMPLICIT_RETAIN_SELF = YES;
				CLANG_WARN_OBJC_LITERAL_CONVERSION = YES;
				CLANG_WARN_OBJC_ROOT_CLASS = YES_ERROR;
				CLANG_WARN_QUOTED_INCLUDE_IN_FRAMEWORK_HEADER = YES;
				CLANG_WARN_RANGE_LOOP_ANALYSIS = YES;
				CLANG_WARN_STRICT_PROTOTYPES = YES;
				CLANG_WARN_SUSPICIOUS_MOVE = YES;
				CLANG_WARN_UNGUARDED_AVAILABILITY = YES_AGGRESSIVE;
				CLANG_WARN_UNREACHABLE_CODE = YES;
				CLANG_WARN__DUPLICATE_METHOD_MATCH = YES;
				COPY_PHASE_STRIP = NO;
				DEBUG_INFORMATION_FORMAT = "dwarf-with-dsym";
				ENABLE_NS_ASSERTIONS = NO;
				ENABLE_STRICT_OBJC_MSGSEND = YES;
				ENABLE_USER_SCRIPT_SANDBOXING = NO;
				GCC_C_LANGUAGE_STANDARD = gnu17;
				GCC_NO_COMMON_BLOCKS = YES;
				GCC_WARN_64_TO_32_BIT_CONVERSION = YES;
				GCC_WARN_ABOUT_RETURN_TYPE = YES_ERROR;
				GCC_WARN_UNDECLARED_SELECTOR = YES;
				GCC_WARN_UNINITIALIZED_AUTOS = YES_AGGRESSIVE;
				GCC_WARN_UNUSED_FUNCTION = YES;
				GCC_WARN_UNUSED_VARIABLE = YES;
				IPHONEOS_DEPLOYMENT_TARGET = 15.0;
				LOCALIZATION_PREFERS_STRING_CATALOGS = YES;
				MTL_ENABLE_DEBUG_INFO = NO;
				MTL_FAST_MATH = YES;
				SDKROOT = iphoneos;
				SWIFT_COMPILATION_MODE = wholemodule;
				VALIDATE_PRODUCT = YES;
			};
			name = Release;
		};
		B4EBFB692B922C68003A0A05 /* Debug */ = {
			isa = XCBuildConfiguration;
			baseConfigurationReference = A6C71724DBDB1139A00F4E48 /* Pods-TVMaze.debug.xcconfig */;
			buildSettings = {
				ASSETCATALOG_COMPILER_APPICON_NAME = AppIcon;
				ASSETCATALOG_COMPILER_GLOBAL_ACCENT_COLOR_NAME = AccentColor;
				CODE_SIGN_STYLE = Automatic;
				CURRENT_PROJECT_VERSION = 1;
				GENERATE_INFOPLIST_FILE = YES;
				INFOPLIST_FILE = TVMaze/Info.plist;
				INFOPLIST_KEY_UIApplicationSupportsIndirectInputEvents = YES;
				INFOPLIST_KEY_UILaunchStoryboardName = LaunchScreen;
				INFOPLIST_KEY_UIMainStoryboardFile = Main;
				INFOPLIST_KEY_UISupportedInterfaceOrientations_iPad = "UIInterfaceOrientationPortrait UIInterfaceOrientationPortraitUpsideDown UIInterfaceOrientationLandscapeLeft UIInterfaceOrientationLandscapeRight";
				INFOPLIST_KEY_UISupportedInterfaceOrientations_iPhone = "UIInterfaceOrientationPortrait UIInterfaceOrientationLandscapeLeft UIInterfaceOrientationLandscapeRight";
				IPHONEOS_DEPLOYMENT_TARGET = 15.0;
				LD_RUNPATH_SEARCH_PATHS = (
					"$(inherited)",
					"@executable_path/Frameworks",
				);
				MARKETING_VERSION = 1.0;
				PRODUCT_BUNDLE_IDENTIFIER = gabrie.com.TVMaze;
				PRODUCT_NAME = "$(TARGET_NAME)";
				SWIFT_EMIT_LOC_STRINGS = YES;
				SWIFT_VERSION = 5.0;
				TARGETED_DEVICE_FAMILY = "1,2";
			};
			name = Debug;
		};
		B4EBFB6A2B922C68003A0A05 /* Release */ = {
			isa = XCBuildConfiguration;
			baseConfigurationReference = 358E9DA16484A5E16E8C1446 /* Pods-TVMaze.release.xcconfig */;
			buildSettings = {
				ASSETCATALOG_COMPILER_APPICON_NAME = AppIcon;
				ASSETCATALOG_COMPILER_GLOBAL_ACCENT_COLOR_NAME = AccentColor;
				CODE_SIGN_STYLE = Automatic;
				CURRENT_PROJECT_VERSION = 1;
				GENERATE_INFOPLIST_FILE = YES;
				INFOPLIST_FILE = TVMaze/Info.plist;
				INFOPLIST_KEY_UIApplicationSupportsIndirectInputEvents = YES;
				INFOPLIST_KEY_UILaunchStoryboardName = LaunchScreen;
				INFOPLIST_KEY_UIMainStoryboardFile = Main;
				INFOPLIST_KEY_UISupportedInterfaceOrientations_iPad = "UIInterfaceOrientationPortrait UIInterfaceOrientationPortraitUpsideDown UIInterfaceOrientationLandscapeLeft UIInterfaceOrientationLandscapeRight";
				INFOPLIST_KEY_UISupportedInterfaceOrientations_iPhone = "UIInterfaceOrientationPortrait UIInterfaceOrientationLandscapeLeft UIInterfaceOrientationLandscapeRight";
				IPHONEOS_DEPLOYMENT_TARGET = 15.0;
				LD_RUNPATH_SEARCH_PATHS = (
					"$(inherited)",
					"@executable_path/Frameworks",
				);
				MARKETING_VERSION = 1.0;
				PRODUCT_BUNDLE_IDENTIFIER = gabrie.com.TVMaze;
				PRODUCT_NAME = "$(TARGET_NAME)";
				SWIFT_EMIT_LOC_STRINGS = YES;
				SWIFT_VERSION = 5.0;
				TARGETED_DEVICE_FAMILY = "1,2";
			};
			name = Release;
		};
		B4EBFB6C2B922C68003A0A05 /* Debug */ = {
			isa = XCBuildConfiguration;
			baseConfigurationReference = 1D9B301FE30A41B611D0582C /* Pods-TVMazeTests.debug.xcconfig */;
			buildSettings = {
				ALWAYS_EMBED_SWIFT_STANDARD_LIBRARIES = YES;
				BUNDLE_LOADER = "$(TEST_HOST)";
				CODE_SIGN_STYLE = Automatic;
				CURRENT_PROJECT_VERSION = 1;
				GENERATE_INFOPLIST_FILE = YES;
				IPHONEOS_DEPLOYMENT_TARGET = 15.0;
				MARKETING_VERSION = 1.0;
				PRODUCT_BUNDLE_IDENTIFIER = gabrie.com.TVMazeTests;
				PRODUCT_NAME = "$(TARGET_NAME)";
				SWIFT_EMIT_LOC_STRINGS = NO;
				SWIFT_VERSION = 5.0;
				TARGETED_DEVICE_FAMILY = "1,2";
				TEST_HOST = "$(BUILT_PRODUCTS_DIR)/TVMaze.app/$(BUNDLE_EXECUTABLE_FOLDER_PATH)/TVMaze";
			};
			name = Debug;
		};
		B4EBFB6D2B922C68003A0A05 /* Release */ = {
			isa = XCBuildConfiguration;
			baseConfigurationReference = DEFE72ECEDF16685E3813E1A /* Pods-TVMazeTests.release.xcconfig */;
			buildSettings = {
				ALWAYS_EMBED_SWIFT_STANDARD_LIBRARIES = YES;
				BUNDLE_LOADER = "$(TEST_HOST)";
				CODE_SIGN_STYLE = Automatic;
				CURRENT_PROJECT_VERSION = 1;
				GENERATE_INFOPLIST_FILE = YES;
				IPHONEOS_DEPLOYMENT_TARGET = 15.0;
				MARKETING_VERSION = 1.0;
				PRODUCT_BUNDLE_IDENTIFIER = gabrie.com.TVMazeTests;
				PRODUCT_NAME = "$(TARGET_NAME)";
				SWIFT_EMIT_LOC_STRINGS = NO;
				SWIFT_VERSION = 5.0;
				TARGETED_DEVICE_FAMILY = "1,2";
				TEST_HOST = "$(BUILT_PRODUCTS_DIR)/TVMaze.app/$(BUNDLE_EXECUTABLE_FOLDER_PATH)/TVMaze";
			};
			name = Release;
		};
/* End XCBuildConfiguration section */

/* Begin XCConfigurationList section */
		B4EBFB392B922C63003A0A05 /* Build configuration list for PBXProject "TVMaze" */ = {
			isa = XCConfigurationList;
			buildConfigurations = (
				B4EBFB662B922C68003A0A05 /* Debug */,
				B4EBFB672B922C68003A0A05 /* Release */,
			);
			defaultConfigurationIsVisible = 0;
			defaultConfigurationName = Release;
		};
		B4EBFB682B922C68003A0A05 /* Build configuration list for PBXNativeTarget "TVMaze" */ = {
			isa = XCConfigurationList;
			buildConfigurations = (
				B4EBFB692B922C68003A0A05 /* Debug */,
				B4EBFB6A2B922C68003A0A05 /* Release */,
			);
			defaultConfigurationIsVisible = 0;
			defaultConfigurationName = Release;
		};
		B4EBFB6B2B922C68003A0A05 /* Build configuration list for PBXNativeTarget "TVMazeTests" */ = {
			isa = XCConfigurationList;
			buildConfigurations = (
				B4EBFB6C2B922C68003A0A05 /* Debug */,
				B4EBFB6D2B922C68003A0A05 /* Release */,
			);
			defaultConfigurationIsVisible = 0;
			defaultConfigurationName = Release;
		};
/* End XCConfigurationList section */
	};
	rootObject = B4EBFB362B922C63003A0A05 /* Project object */;
}
