// !$*UTF8*$!
{
	archiveVersion = 1;
	classes = {
	};
	objectVersion = 56;
	objects = {

/* Begin PBXBuildFile section */
		073955B85309450D0EAF8661 /* Pods_TVMaze.framework in Frameworks */ = {isa = PBXBuildFile; fileRef = EE2CB38ECD1661A840A9E4EE /* Pods_TVMaze.framework */; };
		B40F208C2B9386270040692A /* ShowDetailViewModel.swift in Sources */ = {isa = PBXBuildFile; fileRef = B40F208B2B9386270040692A /* ShowDetailViewModel.swift */; };
		B40F208E2B9386310040692A /* ShowDetailViewController.swift in Sources */ = {isa = PBXBuildFile; fileRef = B40F208D2B9386310040692A /* ShowDetailViewController.swift */; };
		B40F20902B9386390040692A /* ShowDetailCoordinator.swift in Sources */ = {isa = PBXBuildFile; fileRef = B40F208F2B9386390040692A /* ShowDetailCoordinator.swift */; };
		B40F20962B938F680040692A /* ShowDetailTableViewCell.swift in Sources */ = {isa = PBXBuildFile; fileRef = B40F20952B938F680040692A /* ShowDetailTableViewCell.swift */; };
		B44573222B968B6B0059280A /* show_model.json in Resources */ = {isa = PBXBuildFile; fileRef = B44573212B968B690059280A /* show_model.json */; };
		B44573242B96935C0059280A /* show_model_search.json in Resources */ = {isa = PBXBuildFile; fileRef = B44573232B96935C0059280A /* show_model_search.json */; };
		B44573262B9697930059280A /* ShowDetailViewModelTests.swift in Sources */ = {isa = PBXBuildFile; fileRef = B44573252B96978A0059280A /* ShowDetailViewModelTests.swift */; };
		B44573292B969C1A0059280A /* show_seasons.json in Resources */ = {isa = PBXBuildFile; fileRef = B44573282B9698820059280A /* show_seasons.json */; };
		B445732B2B969E310059280A /* SeasonEpisodesViewModelTests.swift in Sources */ = {isa = PBXBuildFile; fileRef = B445732A2B969E310059280A /* SeasonEpisodesViewModelTests.swift */; };
		B445732E2B969F600059280A /* show_season_episodes.json in Resources */ = {isa = PBXBuildFile; fileRef = B445732D2B969EF90059280A /* show_season_episodes.json */; };
		B44DBA832B961B0100B5F171 /* ShowFavoritesItem+CoreDataClass.swift in Sources */ = {isa = PBXBuildFile; fileRef = B44DBA812B961B0100B5F171 /* ShowFavoritesItem+CoreDataClass.swift */; };
		B44DBA842B961B0100B5F171 /* ShowFavoritesItem+CoreDataProperties.swift in Sources */ = {isa = PBXBuildFile; fileRef = B44DBA822B961B0100B5F171 /* ShowFavoritesItem+CoreDataProperties.swift */; };
		B44DBA862B961B1400B5F171 /* RepositoryProtocol.swift in Sources */ = {isa = PBXBuildFile; fileRef = B44DBA852B961B1400B5F171 /* RepositoryProtocol.swift */; };
		B44DBA892B96233300B5F171 /* TabBarCoordinator.swift in Sources */ = {isa = PBXBuildFile; fileRef = B44DBA882B96233300B5F171 /* TabBarCoordinator.swift */; };
		B468CB602B93C3B300072358 /* ShowDetailSeasonTableViewCell.swift in Sources */ = {isa = PBXBuildFile; fileRef = B468CB5F2B93C3B300072358 /* ShowDetailSeasonTableViewCell.swift */; };
		B46AE99A2B9664DD000DB444 /* NetworkRequestFactoryTest.swift in Sources */ = {isa = PBXBuildFile; fileRef = B46AE9942B9664DD000DB444 /* NetworkRequestFactoryTest.swift */; };
		B46AE99B2B9664DD000DB444 /* ExecutorMock.swift in Sources */ = {isa = PBXBuildFile; fileRef = B46AE9962B9664DD000DB444 /* ExecutorMock.swift */; };
		B46AE99C2B9664DD000DB444 /* TestAPI.swift in Sources */ = {isa = PBXBuildFile; fileRef = B46AE9972B9664DD000DB444 /* TestAPI.swift */; };
		B46AE99D2B9664DD000DB444 /* MockedResponse.swift in Sources */ = {isa = PBXBuildFile; fileRef = B46AE9982B9664DD000DB444 /* MockedResponse.swift */; };
		B46AE99E2B9664DD000DB444 /* NetworkServiceTests.swift in Sources */ = {isa = PBXBuildFile; fileRef = B46AE9992B9664DD000DB444 /* NetworkServiceTests.swift */; };
		B46AE9A02B966502000DB444 /* ShowsAPITests.swift in Sources */ = {isa = PBXBuildFile; fileRef = B46AE99F2B966502000DB444 /* ShowsAPITests.swift */; };
		B46AE9A22B966E8D000DB444 /* ShowsListViewModelTests.swift in Sources */ = {isa = PBXBuildFile; fileRef = B46AE9A12B966E8D000DB444 /* ShowsListViewModelTests.swift */; };
		B46AE9A42B967039000DB444 /* ShowFavoritesRepositoryMock.swift in Sources */ = {isa = PBXBuildFile; fileRef = B46AE9A32B967039000DB444 /* ShowFavoritesRepositoryMock.swift */; };
		B46AE9A62B967242000DB444 /* XCTest+Extension.swift in Sources */ = {isa = PBXBuildFile; fileRef = B46AE9A52B967242000DB444 /* XCTest+Extension.swift */; };
		B46C18352B944DCA00AC6BDE /* SearchHeaderCollectionView.swift in Sources */ = {isa = PBXBuildFile; fileRef = B46C18342B944DCA00AC6BDE /* SearchHeaderCollectionView.swift */; };
		B49892AE2B945D73009AF4F3 /* String+Extensions.swift in Sources */ = {isa = PBXBuildFile; fileRef = B49892AD2B945D73009AF4F3 /* String+Extensions.swift */; };
		B49892B32B95DF6F009AF4F3 /* CoreDataContextProvider.swift in Sources */ = {isa = PBXBuildFile; fileRef = B49892B22B95DF6F009AF4F3 /* CoreDataContextProvider.swift */; };
		B49892B62B95E02F009AF4F3 /* ShowFavorites.xcdatamodeld in Sources */ = {isa = PBXBuildFile; fileRef = B49892B42B95E02F009AF4F3 /* ShowFavorites.xcdatamodeld */; };
		B49892BC2B95EEA1009AF4F3 /* ShowFavoritesRepository.swift in Sources */ = {isa = PBXBuildFile; fileRef = B49892BB2B95EEA1009AF4F3 /* ShowFavoritesRepository.swift */; };
		B4B980882B93D3FF0037076A /* UILabel+Extensions.swift in Sources */ = {isa = PBXBuildFile; fileRef = B4B980872B93D3FF0037076A /* UILabel+Extensions.swift */; };
		B4B9808B2B941DC50037076A /* ShowSeasonsModel.swift in Sources */ = {isa = PBXBuildFile; fileRef = B4B9808A2B941DC50037076A /* ShowSeasonsModel.swift */; };
		B4B980912B941F0A0037076A /* SeasonEpisodesCoordinator.swift in Sources */ = {isa = PBXBuildFile; fileRef = B4B980902B941F0A0037076A /* SeasonEpisodesCoordinator.swift */; };
		B4B980932B941F330037076A /* SeasonEpisodesViewModel.swift in Sources */ = {isa = PBXBuildFile; fileRef = B4B980922B941F330037076A /* SeasonEpisodesViewModel.swift */; };
		B4B980952B941F400037076A /* SeasonEpisodesViewController.swift in Sources */ = {isa = PBXBuildFile; fileRef = B4B980942B941F400037076A /* SeasonEpisodesViewController.swift */; };
		B4B980982B9421710037076A /* SeasonEpisodesModel.swift in Sources */ = {isa = PBXBuildFile; fileRef = B4B980972B9421710037076A /* SeasonEpisodesModel.swift */; };
		B4B9809A2B9426330037076A /* SeasonEpisodeTableViewCell.swift in Sources */ = {isa = PBXBuildFile; fileRef = B4B980992B9426330037076A /* SeasonEpisodeTableViewCell.swift */; };
		B4E57E6D2B9636D000BFD8C7 /* LoadingView.swift in Sources */ = {isa = PBXBuildFile; fileRef = B4E57E6C2B9636D000BFD8C7 /* LoadingView.swift */; };
		B4EBFB422B922C63003A0A05 /* AppDelegate.swift in Sources */ = {isa = PBXBuildFile; fileRef = B4EBFB412B922C63003A0A05 /* AppDelegate.swift */; };
		B4EBFB442B922C63003A0A05 /* SceneDelegate.swift in Sources */ = {isa = PBXBuildFile; fileRef = B4EBFB432B922C63003A0A05 /* SceneDelegate.swift */; };
		B4EBFB4B2B922C68003A0A05 /* Assets.xcassets in Resources */ = {isa = PBXBuildFile; fileRef = B4EBFB4A2B922C68003A0A05 /* Assets.xcassets */; };
		B4EBFB4E2B922C68003A0A05 /* LaunchScreen.storyboard in Resources */ = {isa = PBXBuildFile; fileRef = B4EBFB4C2B922C68003A0A05 /* LaunchScreen.storyboard */; };
		B4EBFB782B92508C003A0A05 /* NetworkService.swift in Sources */ = {isa = PBXBuildFile; fileRef = B4EBFB742B92508C003A0A05 /* NetworkService.swift */; };
		B4EBFB792B92508C003A0A05 /* NetworkRequestFactory.swift in Sources */ = {isa = PBXBuildFile; fileRef = B4EBFB752B92508C003A0A05 /* NetworkRequestFactory.swift */; };
		B4EBFB7A2B92508C003A0A05 /* NetworkAPI.swift in Sources */ = {isa = PBXBuildFile; fileRef = B4EBFB762B92508C003A0A05 /* NetworkAPI.swift */; };
		B4EBFB7B2B92508C003A0A05 /* NetworkError.swift in Sources */ = {isa = PBXBuildFile; fileRef = B4EBFB772B92508C003A0A05 /* NetworkError.swift */; };
		B4EBFB7F2B9250C8003A0A05 /* AppCoordinator.swift in Sources */ = {isa = PBXBuildFile; fileRef = B4EBFB7D2B9250C8003A0A05 /* AppCoordinator.swift */; };
		B4EBFB802B9250C8003A0A05 /* Coordinator.swift in Sources */ = {isa = PBXBuildFile; fileRef = B4EBFB7E2B9250C8003A0A05 /* Coordinator.swift */; };
		B4EBFB832B925162003A0A05 /* AppThemeConfig.swift in Sources */ = {isa = PBXBuildFile; fileRef = B4EBFB822B925162003A0A05 /* AppThemeConfig.swift */; };
		B4EBFB8A2B9251A9003A0A05 /* UIImageView+Extension.swift in Sources */ = {isa = PBXBuildFile; fileRef = B4EBFB862B9251A9003A0A05 /* UIImageView+Extension.swift */; };
		B4EBFB8B2B9251A9003A0A05 /* UIView+Extension.swift in Sources */ = {isa = PBXBuildFile; fileRef = B4EBFB872B9251A9003A0A05 /* UIView+Extension.swift */; };
		B4EBFB8C2B9251A9003A0A05 /* URLResponse+Extension.swift in Sources */ = {isa = PBXBuildFile; fileRef = B4EBFB882B9251A9003A0A05 /* URLResponse+Extension.swift */; };
		B4EBFB8D2B9251A9003A0A05 /* CancelBag.swift in Sources */ = {isa = PBXBuildFile; fileRef = B4EBFB892B9251A9003A0A05 /* CancelBag.swift */; };
		B4EBFB952B92552E003A0A05 /* ShowsListCoordinator.swift in Sources */ = {isa = PBXBuildFile; fileRef = B4EBFB942B92552E003A0A05 /* ShowsListCoordinator.swift */; };
		B4EBFB972B925545003A0A05 /* ShowsListViewModel.swift in Sources */ = {isa = PBXBuildFile; fileRef = B4EBFB962B925545003A0A05 /* ShowsListViewModel.swift */; };
		B4EBFB992B92554F003A0A05 /* ShowsListViewController.swift in Sources */ = {isa = PBXBuildFile; fileRef = B4EBFB982B92554F003A0A05 /* ShowsListViewController.swift */; };
		B4EBFB9B2B9255FA003A0A05 /* ShowsView.swift in Sources */ = {isa = PBXBuildFile; fileRef = B4EBFB9A2B9255FA003A0A05 /* ShowsView.swift */; };
		B4EBFB9E2B925623003A0A05 /* ShowsAPI.swift in Sources */ = {isa = PBXBuildFile; fileRef = B4EBFB9D2B925623003A0A05 /* ShowsAPI.swift */; };
		B4EBFBA12B925E08003A0A05 /* ShowModel.swift in Sources */ = {isa = PBXBuildFile; fileRef = B4EBFBA02B925E08003A0A05 /* ShowModel.swift */; };
		B4EBFBA32B926434003A0A05 /* ShowsCollectionView.swift in Sources */ = {isa = PBXBuildFile; fileRef = B4EBFBA22B926434003A0A05 /* ShowsCollectionView.swift */; };
		B4EBFBA52B9264DC003A0A05 /* ShowCollectionViewCell.swift in Sources */ = {isa = PBXBuildFile; fileRef = B4EBFBA42B9264DC003A0A05 /* ShowCollectionViewCell.swift */; };
		CB861EA0E9F88D60B5BEAD30 /* Pods_TVMazeTests.framework in Frameworks */ = {isa = PBXBuildFile; fileRef = 178C082D34080E46F001685C /* Pods_TVMazeTests.framework */; };
/* End PBXBuildFile section */

/* Begin PBXContainerItemProxy section */
		B4EBFB552B922C68003A0A05 /* PBXContainerItemProxy */ = {
			isa = PBXContainerItemProxy;
			containerPortal = B4EBFB362B922C63003A0A05 /* Project object */;
			proxyType = 1;
			remoteGlobalIDString = B4EBFB3D2B922C63003A0A05;
			remoteInfo = TVMaze;
		};
/* End PBXContainerItemProxy section */

/* Begin PBXFileReference section */
		178C082D34080E46F001685C /* Pods_TVMazeTests.framework */ = {isa = PBXFileReference; explicitFileType = wrapper.framework; includeInIndex = 0; path = Pods_TVMazeTests.framework; sourceTree = BUILT_PRODUCTS_DIR; };
		1D9B301FE30A41B611D0582C /* Pods-TVMazeTests.debug.xcconfig */ = {isa = PBXFileReference; includeInIndex = 1; lastKnownFileType = text.xcconfig; name = "Pods-TVMazeTests.debug.xcconfig"; path = "Target Support Files/Pods-TVMazeTests/Pods-TVMazeTests.debug.xcconfig"; sourceTree = "<group>"; };
		358E9DA16484A5E16E8C1446 /* Pods-TVMaze.release.xcconfig */ = {isa = PBXFileReference; includeInIndex = 1; lastKnownFileType = text.xcconfig; name = "Pods-TVMaze.release.xcconfig"; path = "Target Support Files/Pods-TVMaze/Pods-TVMaze.release.xcconfig"; sourceTree = "<group>"; };
		A6C71724DBDB1139A00F4E48 /* Pods-TVMaze.debug.xcconfig */ = {isa = PBXFileReference; includeInIndex = 1; lastKnownFileType = text.xcconfig; name = "Pods-TVMaze.debug.xcconfig"; path = "Target Support Files/Pods-TVMaze/Pods-TVMaze.debug.xcconfig"; sourceTree = "<group>"; };
		B40F208B2B9386270040692A /* ShowDetailViewModel.swift */ = {isa = PBXFileReference; lastKnownFileType = sourcecode.swift; path = ShowDetailViewModel.swift; sourceTree = "<group>"; };
		B40F208D2B9386310040692A /* ShowDetailViewController.swift */ = {isa = PBXFileReference; lastKnownFileType = sourcecode.swift; path = ShowDetailViewController.swift; sourceTree = "<group>"; };
		B40F208F2B9386390040692A /* ShowDetailCoordinator.swift */ = {isa = PBXFileReference; lastKnownFileType = sourcecode.swift; path = ShowDetailCoordinator.swift; sourceTree = "<group>"; };
		B40F20952B938F680040692A /* ShowDetailTableViewCell.swift */ = {isa = PBXFileReference; lastKnownFileType = sourcecode.swift; path = ShowDetailTableViewCell.swift; sourceTree = "<group>"; };
		B44573212B968B690059280A /* show_model.json */ = {isa = PBXFileReference; lastKnownFileType = text.json; path = show_model.json; sourceTree = "<group>"; };
		B44573232B96935C0059280A /* show_model_search.json */ = {isa = PBXFileReference; fileEncoding = 4; lastKnownFileType = text.json; path = show_model_search.json; sourceTree = "<group>"; };
		B44573252B96978A0059280A /* ShowDetailViewModelTests.swift */ = {isa = PBXFileReference; lastKnownFileType = sourcecode.swift; path = ShowDetailViewModelTests.swift; sourceTree = "<group>"; };
		B44573282B9698820059280A /* show_seasons.json */ = {isa = PBXFileReference; lastKnownFileType = text.json; path = show_seasons.json; sourceTree = "<group>"; };
		B445732A2B969E310059280A /* SeasonEpisodesViewModelTests.swift */ = {isa = PBXFileReference; lastKnownFileType = sourcecode.swift; path = SeasonEpisodesViewModelTests.swift; sourceTree = "<group>"; };
		B445732D2B969EF90059280A /* show_season_episodes.json */ = {isa = PBXFileReference; lastKnownFileType = text.json; path = show_season_episodes.json; sourceTree = "<group>"; };
		B44DBA812B961B0100B5F171 /* ShowFavoritesItem+CoreDataClass.swift */ = {isa = PBXFileReference; fileEncoding = 4; lastKnownFileType = sourcecode.swift; path = "ShowFavoritesItem+CoreDataClass.swift"; sourceTree = "<group>"; };
		B44DBA822B961B0100B5F171 /* ShowFavoritesItem+CoreDataProperties.swift */ = {isa = PBXFileReference; fileEncoding = 4; lastKnownFileType = sourcecode.swift; path = "ShowFavoritesItem+CoreDataProperties.swift"; sourceTree = "<group>"; };
		B44DBA852B961B1400B5F171 /* RepositoryProtocol.swift */ = {isa = PBXFileReference; lastKnownFileType = sourcecode.swift; path = RepositoryProtocol.swift; sourceTree = "<group>"; };
		B44DBA882B96233300B5F171 /* TabBarCoordinator.swift */ = {isa = PBXFileReference; lastKnownFileType = sourcecode.swift; path = TabBarCoordinator.swift; sourceTree = "<group>"; };
		B468CB5F2B93C3B300072358 /* ShowDetailSeasonTableViewCell.swift */ = {isa = PBXFileReference; lastKnownFileType = sourcecode.swift; path = ShowDetailSeasonTableViewCell.swift; sourceTree = "<group>"; };
		B46AE9942B9664DD000DB444 /* NetworkRequestFactoryTest.swift */ = {isa = PBXFileReference; fileEncoding = 4; lastKnownFileType = sourcecode.swift; path = NetworkRequestFactoryTest.swift; sourceTree = "<group>"; };
		B46AE9962B9664DD000DB444 /* ExecutorMock.swift */ = {isa = PBXFileReference; fileEncoding = 4; lastKnownFileType = sourcecode.swift; path = ExecutorMock.swift; sourceTree = "<group>"; };
		B46AE9972B9664DD000DB444 /* TestAPI.swift */ = {isa = PBXFileReference; fileEncoding = 4; lastKnownFileType = sourcecode.swift; path = TestAPI.swift; sourceTree = "<group>"; };
		B46AE9982B9664DD000DB444 /* MockedResponse.swift */ = {isa = PBXFileReference; fileEncoding = 4; lastKnownFileType = sourcecode.swift; path = MockedResponse.swift; sourceTree = "<group>"; };
		B46AE9992B9664DD000DB444 /* NetworkServiceTests.swift */ = {isa = PBXFileReference; fileEncoding = 4; lastKnownFileType = sourcecode.swift; path = NetworkServiceTests.swift; sourceTree = "<group>"; };
		B46AE99F2B966502000DB444 /* ShowsAPITests.swift */ = {isa = PBXFileReference; fileEncoding = 4; lastKnownFileType = sourcecode.swift; path = ShowsAPITests.swift; sourceTree = "<group>"; };
		B46AE9A12B966E8D000DB444 /* ShowsListViewModelTests.swift */ = {isa = PBXFileReference; lastKnownFileType = sourcecode.swift; path = ShowsListViewModelTests.swift; sourceTree = "<group>"; };
		B46AE9A32B967039000DB444 /* ShowFavoritesRepositoryMock.swift */ = {isa = PBXFileReference; lastKnownFileType = sourcecode.swift; path = ShowFavoritesRepositoryMock.swift; sourceTree = "<group>"; };
		B46AE9A52B967242000DB444 /* XCTest+Extension.swift */ = {isa = PBXFileReference; lastKnownFileType = sourcecode.swift; path = "XCTest+Extension.swift"; sourceTree = "<group>"; };
		B46C18342B944DCA00AC6BDE /* SearchHeaderCollectionView.swift */ = {isa = PBXFileReference; lastKnownFileType = sourcecode.swift; path = SearchHeaderCollectionView.swift; sourceTree = "<group>"; };
		B49892AD2B945D73009AF4F3 /* String+Extensions.swift */ = {isa = PBXFileReference; lastKnownFileType = sourcecode.swift; path = "String+Extensions.swift"; sourceTree = "<group>"; };
		B49892B22B95DF6F009AF4F3 /* CoreDataContextProvider.swift */ = {isa = PBXFileReference; lastKnownFileType = sourcecode.swift; path = CoreDataContextProvider.swift; sourceTree = "<group>"; };
		B49892B52B95E02F009AF4F3 /* ShowFavorites.xcdatamodel */ = {isa = PBXFileReference; lastKnownFileType = wrapper.xcdatamodel; path = ShowFavorites.xcdatamodel; sourceTree = "<group>"; };
		B49892BB2B95EEA1009AF4F3 /* ShowFavoritesRepository.swift */ = {isa = PBXFileReference; lastKnownFileType = sourcecode.swift; path = ShowFavoritesRepository.swift; sourceTree = "<group>"; };
		B4B980872B93D3FF0037076A /* UILabel+Extensions.swift */ = {isa = PBXFileReference; lastKnownFileType = sourcecode.swift; path = "UILabel+Extensions.swift"; sourceTree = "<group>"; };
		B4B9808A2B941DC50037076A /* ShowSeasonsModel.swift */ = {isa = PBXFileReference; lastKnownFileType = sourcecode.swift; path = ShowSeasonsModel.swift; sourceTree = "<group>"; };
		B4B980902B941F0A0037076A /* SeasonEpisodesCoordinator.swift */ = {isa = PBXFileReference; lastKnownFileType = sourcecode.swift; path = SeasonEpisodesCoordinator.swift; sourceTree = "<group>"; };
		B4B980922B941F330037076A /* SeasonEpisodesViewModel.swift */ = {isa = PBXFileReference; lastKnownFileType = sourcecode.swift; path = SeasonEpisodesViewModel.swift; sourceTree = "<group>"; };
		B4B980942B941F400037076A /* SeasonEpisodesViewController.swift */ = {isa = PBXFileReference; lastKnownFileType = sourcecode.swift; path = SeasonEpisodesViewController.swift; sourceTree = "<group>"; };
		B4B980972B9421710037076A /* SeasonEpisodesModel.swift */ = {isa = PBXFileReference; lastKnownFileType = sourcecode.swift; path = SeasonEpisodesModel.swift; sourceTree = "<group>"; };
		B4B980992B9426330037076A /* SeasonEpisodeTableViewCell.swift */ = {isa = PBXFileReference; lastKnownFileType = sourcecode.swift; path = SeasonEpisodeTableViewCell.swift; sourceTree = "<group>"; };
		B4E57E6C2B9636D000BFD8C7 /* LoadingView.swift */ = {isa = PBXFileReference; lastKnownFileType = sourcecode.swift; path = LoadingView.swift; sourceTree = "<group>"; };
		B4EBFB3E2B922C63003A0A05 /* TVMaze.app */ = {isa = PBXFileReference; explicitFileType = wrapper.application; includeInIndex = 0; path = TVMaze.app; sourceTree = BUILT_PRODUCTS_DIR; };
		B4EBFB412B922C63003A0A05 /* AppDelegate.swift */ = {isa = PBXFileReference; lastKnownFileType = sourcecode.swift; path = AppDelegate.swift; sourceTree = "<group>"; };
		B4EBFB432B922C63003A0A05 /* SceneDelegate.swift */ = {isa = PBXFileReference; lastKnownFileType = sourcecode.swift; path = SceneDelegate.swift; sourceTree = "<group>"; };
		B4EBFB4A2B922C68003A0A05 /* Assets.xcassets */ = {isa = PBXFileReference; lastKnownFileType = folder.assetcatalog; path = Assets.xcassets; sourceTree = "<group>"; };
		B4EBFB4D2B922C68003A0A05 /* Base */ = {isa = PBXFileReference; lastKnownFileType = file.storyboard; name = Base; path = Base.lproj/LaunchScreen.storyboard; sourceTree = "<group>"; };
		B4EBFB4F2B922C68003A0A05 /* Info.plist */ = {isa = PBXFileReference; lastKnownFileType = text.plist.xml; path = Info.plist; sourceTree = "<group>"; };
		B4EBFB542B922C68003A0A05 /* TVMazeTests.xctest */ = {isa = PBXFileReference; explicitFileType = wrapper.cfbundle; includeInIndex = 0; path = TVMazeTests.xctest; sourceTree = BUILT_PRODUCTS_DIR; };
		B4EBFB742B92508C003A0A05 /* NetworkService.swift */ = {isa = PBXFileReference; fileEncoding = 4; lastKnownFileType = sourcecode.swift; path = NetworkService.swift; sourceTree = "<group>"; };
		B4EBFB752B92508C003A0A05 /* NetworkRequestFactory.swift */ = {isa = PBXFileReference; fileEncoding = 4; lastKnownFileType = sourcecode.swift; path = NetworkRequestFactory.swift; sourceTree = "<group>"; };
		B4EBFB762B92508C003A0A05 /* NetworkAPI.swift */ = {isa = PBXFileReference; fileEncoding = 4; lastKnownFileType = sourcecode.swift; path = NetworkAPI.swift; sourceTree = "<group>"; };
		B4EBFB772B92508C003A0A05 /* NetworkError.swift */ = {isa = PBXFileReference; fileEncoding = 4; lastKnownFileType = sourcecode.swift; path = NetworkError.swift; sourceTree = "<group>"; };
		B4EBFB7D2B9250C8003A0A05 /* AppCoordinator.swift */ = {isa = PBXFileReference; fileEncoding = 4; lastKnownFileType = sourcecode.swift; path = AppCoordinator.swift; sourceTree = "<group>"; };
		B4EBFB7E2B9250C8003A0A05 /* Coordinator.swift */ = {isa = PBXFileReference; fileEncoding = 4; lastKnownFileType = sourcecode.swift; path = Coordinator.swift; sourceTree = "<group>"; };
		B4EBFB822B925162003A0A05 /* AppThemeConfig.swift */ = {isa = PBXFileReference; lastKnownFileType = sourcecode.swift; path = AppThemeConfig.swift; sourceTree = "<group>"; };
		B4EBFB862B9251A9003A0A05 /* UIImageView+Extension.swift */ = {isa = PBXFileReference; fileEncoding = 4; lastKnownFileType = sourcecode.swift; path = "UIImageView+Extension.swift"; sourceTree = "<group>"; };
		B4EBFB872B9251A9003A0A05 /* UIView+Extension.swift */ = {isa = PBXFileReference; fileEncoding = 4; lastKnownFileType = sourcecode.swift; path = "UIView+Extension.swift"; sourceTree = "<group>"; };
		B4EBFB882B9251A9003A0A05 /* URLResponse+Extension.swift */ = {isa = PBXFileReference; fileEncoding = 4; lastKnownFileType = sourcecode.swift; path = "URLResponse+Extension.swift"; sourceTree = "<group>"; };
		B4EBFB892B9251A9003A0A05 /* CancelBag.swift */ = {isa = PBXFileReference; fileEncoding = 4; lastKnownFileType = sourcecode.swift; path = CancelBag.swift; sourceTree = "<group>"; };
		B4EBFB942B92552E003A0A05 /* ShowsListCoordinator.swift */ = {isa = PBXFileReference; lastKnownFileType = sourcecode.swift; path = ShowsListCoordinator.swift; sourceTree = "<group>"; };
		B4EBFB962B925545003A0A05 /* ShowsListViewModel.swift */ = {isa = PBXFileReference; lastKnownFileType = sourcecode.swift; path = ShowsListViewModel.swift; sourceTree = "<group>"; };
		B4EBFB982B92554F003A0A05 /* ShowsListViewController.swift */ = {isa = PBXFileReference; lastKnownFileType = sourcecode.swift; path = ShowsListViewController.swift; sourceTree = "<group>"; };
		B4EBFB9A2B9255FA003A0A05 /* ShowsView.swift */ = {isa = PBXFileReference; lastKnownFileType = sourcecode.swift; path = ShowsView.swift; sourceTree = "<group>"; };
		B4EBFB9D2B925623003A0A05 /* ShowsAPI.swift */ = {isa = PBXFileReference; lastKnownFileType = sourcecode.swift; path = ShowsAPI.swift; sourceTree = "<group>"; };
		B4EBFBA02B925E08003A0A05 /* ShowModel.swift */ = {isa = PBXFileReference; lastKnownFileType = sourcecode.swift; path = ShowModel.swift; sourceTree = "<group>"; };
		B4EBFBA22B926434003A0A05 /* ShowsCollectionView.swift */ = {isa = PBXFileReference; lastKnownFileType = sourcecode.swift; path = ShowsCollectionView.swift; sourceTree = "<group>"; };
		B4EBFBA42B9264DC003A0A05 /* ShowCollectionViewCell.swift */ = {isa = PBXFileReference; lastKnownFileType = sourcecode.swift; path = ShowCollectionViewCell.swift; sourceTree = "<group>"; };
		DEFE72ECEDF16685E3813E1A /* Pods-TVMazeTests.release.xcconfig */ = {isa = PBXFileReference; includeInIndex = 1; lastKnownFileType = text.xcconfig; name = "Pods-TVMazeTests.release.xcconfig"; path = "Target Support Files/Pods-TVMazeTests/Pods-TVMazeTests.release.xcconfig"; sourceTree = "<group>"; };
		EE2CB38ECD1661A840A9E4EE /* Pods_TVMaze.framework */ = {isa = PBXFileReference; explicitFileType = wrapper.framework; includeInIndex = 0; path = Pods_TVMaze.framework; sourceTree = BUILT_PRODUCTS_DIR; };
/* End PBXFileReference section */

/* Begin PBXFrameworksBuildPhase section */
		B4EBFB3B2B922C63003A0A05 /* Frameworks */ = {
			isa = PBXFrameworksBuildPhase;
			buildActionMask = 2147483647;
			files = (
				073955B85309450D0EAF8661 /* Pods_TVMaze.framework in Frameworks */,
			);
			runOnlyForDeploymentPostprocessing = 0;
		};
		B4EBFB512B922C68003A0A05 /* Frameworks */ = {
			isa = PBXFrameworksBuildPhase;
			buildActionMask = 2147483647;
			files = (
				CB861EA0E9F88D60B5BEAD30 /* Pods_TVMazeTests.framework in Frameworks */,
			);
			runOnlyForDeploymentPostprocessing = 0;
		};
/* End PBXFrameworksBuildPhase section */

/* Begin PBXGroup section */
		297F7DD20CBDEE69E6E8A03C /* Frameworks */ = {
			isa = PBXGroup;
			children = (
				EE2CB38ECD1661A840A9E4EE /* Pods_TVMaze.framework */,
				178C082D34080E46F001685C /* Pods_TVMazeTests.framework */,
			);
			name = Frameworks;
			sourceTree = "<group>";
		};
		73304D7E74FE01CD5AA5061B /* Pods */ = {
			isa = PBXGroup;
			children = (
				A6C71724DBDB1139A00F4E48 /* Pods-TVMaze.debug.xcconfig */,
				358E9DA16484A5E16E8C1446 /* Pods-TVMaze.release.xcconfig */,
				1D9B301FE30A41B611D0582C /* Pods-TVMazeTests.debug.xcconfig */,
				DEFE72ECEDF16685E3813E1A /* Pods-TVMazeTests.release.xcconfig */,
			);
			path = Pods;
			sourceTree = "<group>";
		};
		B40F20872B9286040040692A /* ShowDetail */ = {
			isa = PBXGroup;
			children = (
				B4B980892B941DB70037076A /* Model */,
				B40F208A2B9286170040692A /* Coordinator */,
				B40F20892B9286110040692A /* View */,
				B40F20882B92860E0040692A /* ViewModel */,
			);
			path = ShowDetail;
			sourceTree = "<group>";
		};
		B40F20882B92860E0040692A /* ViewModel */ = {
			isa = PBXGroup;
			children = (
				B40F208B2B9386270040692A /* ShowDetailViewModel.swift */,
			);
			path = ViewModel;
			sourceTree = "<group>";
		};
		B40F20892B9286110040692A /* View */ = {
			isa = PBXGroup;
			children = (
				B40F208D2B9386310040692A /* ShowDetailViewController.swift */,
				B40F20952B938F680040692A /* ShowDetailTableViewCell.swift */,
				B468CB5F2B93C3B300072358 /* ShowDetailSeasonTableViewCell.swift */,
			);
			path = View;
			sourceTree = "<group>";
		};
		B40F208A2B9286170040692A /* Coordinator */ = {
			isa = PBXGroup;
			children = (
				B40F208F2B9386390040692A /* ShowDetailCoordinator.swift */,
			);
			path = Coordinator;
			sourceTree = "<group>";
		};
		B44573202B968B570059280A /* JSONs */ = {
			isa = PBXGroup;
			children = (
				B44573232B96935C0059280A /* show_model_search.json */,
				B44573212B968B690059280A /* show_model.json */,
				B44573282B9698820059280A /* show_seasons.json */,
				B445732D2B969EF90059280A /* show_season_episodes.json */,
			);
			path = JSONs;
			sourceTree = "<group>";
		};
		B44573272B96979C0059280A /* Extensions */ = {
			isa = PBXGroup;
			children = (
				B46AE9A52B967242000DB444 /* XCTest+Extension.swift */,
			);
			path = Extensions;
			sourceTree = "<group>";
		};
		B445732C2B969E410059280A /* Mock */ = {
			isa = PBXGroup;
			children = (
				B44573202B968B570059280A /* JSONs */,
				B46AE9A32B967039000DB444 /* ShowFavoritesRepositoryMock.swift */,
			);
			path = Mock;
			sourceTree = "<group>";
		};
		B44DBA872B96232600B5F171 /* TabBar */ = {
			isa = PBXGroup;
			children = (
				B44DBA882B96233300B5F171 /* TabBarCoordinator.swift */,
			);
			path = TabBar;
			sourceTree = "<group>";
		};
		B46AE9922B966349000DB444 /* Components */ = {
			isa = PBXGroup;
			children = (
				B4E57E6C2B9636D000BFD8C7 /* LoadingView.swift */,
			);
			path = Components;
			sourceTree = "<group>";
		};
		B46AE9932B9664DD000DB444 /* Network */ = {
			isa = PBXGroup;
			children = (
				B46AE9952B9664DD000DB444 /* Mock */,
				B46AE99F2B966502000DB444 /* ShowsAPITests.swift */,
				B46AE9942B9664DD000DB444 /* NetworkRequestFactoryTest.swift */,
				B46AE9992B9664DD000DB444 /* NetworkServiceTests.swift */,
			);
			path = Network;
			sourceTree = "<group>";
		};
		B46AE9952B9664DD000DB444 /* Mock */ = {
			isa = PBXGroup;
			children = (
				B46AE9962B9664DD000DB444 /* ExecutorMock.swift */,
				B46AE9972B9664DD000DB444 /* TestAPI.swift */,
				B46AE9982B9664DD000DB444 /* MockedResponse.swift */,
			);
			path = Mock;
			sourceTree = "<group>";
		};
		B49892B12B95DF66009AF4F3 /* Repository */ = {
			isa = PBXGroup;
			children = (
				B44DBA812B961B0100B5F171 /* ShowFavoritesItem+CoreDataClass.swift */,
				B44DBA822B961B0100B5F171 /* ShowFavoritesItem+CoreDataProperties.swift */,
				B49892B22B95DF6F009AF4F3 /* CoreDataContextProvider.swift */,
				B49892B42B95E02F009AF4F3 /* ShowFavorites.xcdatamodeld */,
				B49892BB2B95EEA1009AF4F3 /* ShowFavoritesRepository.swift */,
				B44DBA852B961B1400B5F171 /* RepositoryProtocol.swift */,
			);
			path = Repository;
			sourceTree = "<group>";
		};
		B4B980892B941DB70037076A /* Model */ = {
			isa = PBXGroup;
			children = (
				B4B9808A2B941DC50037076A /* ShowSeasonsModel.swift */,
			);
			path = Model;
			sourceTree = "<group>";
		};
		B4B9808C2B941EF60037076A /* SeasonEpisodes */ = {
			isa = PBXGroup;
			children = (
				B4B980962B9421680037076A /* Model */,
				B4B9808F2B941F040037076A /* Coordinator */,
				B4B9808E2B941F000037076A /* View */,
				B4B9808D2B941EFD0037076A /* ViewModel */,
			);
			path = SeasonEpisodes;
			sourceTree = "<group>";
		};
		B4B9808D2B941EFD0037076A /* ViewModel */ = {
			isa = PBXGroup;
			children = (
				B4B980922B941F330037076A /* SeasonEpisodesViewModel.swift */,
			);
			path = ViewModel;
			sourceTree = "<group>";
		};
		B4B9808E2B941F000037076A /* View */ = {
			isa = PBXGroup;
			children = (
				B4B980942B941F400037076A /* SeasonEpisodesViewController.swift */,
				B4B980992B9426330037076A /* SeasonEpisodeTableViewCell.swift */,
			);
			path = View;
			sourceTree = "<group>";
		};
		B4B9808F2B941F040037076A /* Coordinator */ = {
			isa = PBXGroup;
			children = (
				B4B980902B941F0A0037076A /* SeasonEpisodesCoordinator.swift */,
			);
			path = Coordinator;
			sourceTree = "<group>";
		};
		B4B980962B9421680037076A /* Model */ = {
			isa = PBXGroup;
			children = (
				B4B980972B9421710037076A /* SeasonEpisodesModel.swift */,
			);
			path = Model;
			sourceTree = "<group>";
		};
		B4EBFB352B922C63003A0A05 = {
			isa = PBXGroup;
			children = (
				B4EBFB402B922C63003A0A05 /* TVMaze */,
				B4EBFB572B922C68003A0A05 /* TVMazeTests */,
				B4EBFB3F2B922C63003A0A05 /* Products */,
				73304D7E74FE01CD5AA5061B /* Pods */,
				297F7DD20CBDEE69E6E8A03C /* Frameworks */,
			);
			sourceTree = "<group>";
		};
		B4EBFB3F2B922C63003A0A05 /* Products */ = {
			isa = PBXGroup;
			children = (
				B4EBFB3E2B922C63003A0A05 /* TVMaze.app */,
				B4EBFB542B922C68003A0A05 /* TVMazeTests.xctest */,
			);
			name = Products;
			sourceTree = "<group>";
		};
		B4EBFB402B922C63003A0A05 /* TVMaze */ = {
			isa = PBXGroup;
			children = (
				B4EBFB852B9251A9003A0A05 /* Extensions */,
				B4EBFB7C2B9250C8003A0A05 /* Coordinator */,
				B4EBFB732B92508C003A0A05 /* NetworkCore */,
				B49892B12B95DF66009AF4F3 /* Repository */,
				B4EBFB8E2B92549F003A0A05 /* Sections */,
				B4EBFB822B925162003A0A05 /* AppThemeConfig.swift */,
				B4EBFB412B922C63003A0A05 /* AppDelegate.swift */,
				B4EBFB432B922C63003A0A05 /* SceneDelegate.swift */,
				B4EBFB4A2B922C68003A0A05 /* Assets.xcassets */,
				B4EBFB4C2B922C68003A0A05 /* LaunchScreen.storyboard */,
				B4EBFB4F2B922C68003A0A05 /* Info.plist */,
			);
			path = TVMaze;
			sourceTree = "<group>";
		};
		B4EBFB572B922C68003A0A05 /* TVMazeTests */ = {
			isa = PBXGroup;
			children = (
				B445732C2B969E410059280A /* Mock */,
				B44573272B96979C0059280A /* Extensions */,
				B46AE9932B9664DD000DB444 /* Network */,
				B44573252B96978A0059280A /* ShowDetailViewModelTests.swift */,
				B46AE9A12B966E8D000DB444 /* ShowsListViewModelTests.swift */,
				B445732A2B969E310059280A /* SeasonEpisodesViewModelTests.swift */,
			);
			path = TVMazeTests;
			sourceTree = "<group>";
		};
		B4EBFB732B92508C003A0A05 /* NetworkCore */ = {
			isa = PBXGroup;
			children = (
				B4EBFB742B92508C003A0A05 /* NetworkService.swift */,
				B4EBFB752B92508C003A0A05 /* NetworkRequestFactory.swift */,
				B4EBFB762B92508C003A0A05 /* NetworkAPI.swift */,
				B4EBFB772B92508C003A0A05 /* NetworkError.swift */,
			);
			path = NetworkCore;
			sourceTree = "<group>";
		};
		B4EBFB7C2B9250C8003A0A05 /* Coordinator */ = {
			isa = PBXGroup;
			children = (
				B4EBFB7D2B9250C8003A0A05 /* AppCoordinator.swift */,
				B4EBFB7E2B9250C8003A0A05 /* Coordinator.swift */,
			);
			path = Coordinator;
			sourceTree = "<group>";
		};
		B4EBFB852B9251A9003A0A05 /* Extensions */ = {
			isa = PBXGroup;
			children = (
				B4EBFB862B9251A9003A0A05 /* UIImageView+Extension.swift */,
				B4EBFB872B9251A9003A0A05 /* UIView+Extension.swift */,
				B4EBFB882B9251A9003A0A05 /* URLResponse+Extension.swift */,
				B4EBFB892B9251A9003A0A05 /* CancelBag.swift */,
				B4B980872B93D3FF0037076A /* UILabel+Extensions.swift */,
				B49892AD2B945D73009AF4F3 /* String+Extensions.swift */,
			);
			path = Extensions;
			sourceTree = "<group>";
		};
		B4EBFB8E2B92549F003A0A05 /* Sections */ = {
			isa = PBXGroup;
			children = (
				B46AE9922B966349000DB444 /* Components */,
				B44DBA872B96232600B5F171 /* TabBar */,
				B4B9808C2B941EF60037076A /* SeasonEpisodes */,
				B40F20872B9286040040692A /* ShowDetail */,
				B4EBFB8F2B9254C0003A0A05 /* ShowsList */,
			);
			path = Sections;
			sourceTree = "<group>";
		};
		B4EBFB8F2B9254C0003A0A05 /* ShowsList */ = {
			isa = PBXGroup;
			children = (
				B4EBFB9F2B925DFA003A0A05 /* Model */,
				B4EBFB9C2B925619003A0A05 /* Network */,
				B4EBFB932B925512003A0A05 /* View */,
				B4EBFB912B9254DD003A0A05 /* Coordinator */,
				B4EBFB902B9254DA003A0A05 /* ViewModel */,
			);
			path = ShowsList;
			sourceTree = "<group>";
		};
		B4EBFB902B9254DA003A0A05 /* ViewModel */ = {
			isa = PBXGroup;
			children = (
				B4EBFB962B925545003A0A05 /* ShowsListViewModel.swift */,
			);
			path = ViewModel;
			sourceTree = "<group>";
		};
		B4EBFB912B9254DD003A0A05 /* Coordinator */ = {
			isa = PBXGroup;
			children = (
				B4EBFB942B92552E003A0A05 /* ShowsListCoordinator.swift */,
			);
			path = Coordinator;
			sourceTree = "<group>";
		};
		B4EBFB932B925512003A0A05 /* View */ = {
			isa = PBXGroup;
			children = (
				B4EBFB982B92554F003A0A05 /* ShowsListViewController.swift */,
				B4EBFB9A2B9255FA003A0A05 /* ShowsView.swift */,
				B4EBFBA22B926434003A0A05 /* ShowsCollectionView.swift */,
				B4EBFBA42B9264DC003A0A05 /* ShowCollectionViewCell.swift */,
				B46C18342B944DCA00AC6BDE /* SearchHeaderCollectionView.swift */,
			);
			path = View;
			sourceTree = "<group>";
		};
		B4EBFB9C2B925619003A0A05 /* Network */ = {
			isa = PBXGroup;
			children = (
				B4EBFB9D2B925623003A0A05 /* ShowsAPI.swift */,
			);
			path = Network;
			sourceTree = "<group>";
		};
		B4EBFB9F2B925DFA003A0A05 /* Model */ = {
			isa = PBXGroup;
			children = (
				B4EBFBA02B925E08003A0A05 /* ShowModel.swift */,
			);
			path = Model;
			sourceTree = "<group>";
		};
/* End PBXGroup section */

/* Begin PBXNativeTarget section */
		B4EBFB3D2B922C63003A0A05 /* TVMaze */ = {
			isa = PBXNativeTarget;
			buildConfigurationList = B4EBFB682B922C68003A0A05 /* Build configuration list for PBXNativeTarget "TVMaze" */;
			buildPhases = (
				72EA598619970BF0E6F715CB /* [CP] Check Pods Manifest.lock */,
				B4EBFB3A2B922C63003A0A05 /* Sources */,
				B4EBFB3B2B922C63003A0A05 /* Frameworks */,
				B4EBFB3C2B922C63003A0A05 /* Resources */,
				1EF2B8361C35E0711ABE8B13 /* [CP] Embed Pods Frameworks */,
				B4EBFB712B922EE2003A0A05 /* Swiftlint */,
			);
			buildRules = (
			);
			dependencies = (
			);
			name = TVMaze;
			productName = TVMaze;
			productReference = B4EBFB3E2B922C63003A0A05 /* TVMaze.app */;
			productType = "com.apple.product-type.application";
		};
		B4EBFB532B922C68003A0A05 /* TVMazeTests */ = {
			isa = PBXNativeTarget;
			buildConfigurationList = B4EBFB6B2B922C68003A0A05 /* Build configuration list for PBXNativeTarget "TVMazeTests" */;
			buildPhases = (
				2DA758DB90A82D5E9386C338 /* [CP] Check Pods Manifest.lock */,
				B4EBFB502B922C68003A0A05 /* Sources */,
				B4EBFB512B922C68003A0A05 /* Frameworks */,
				B4EBFB522B922C68003A0A05 /* Resources */,
			);
			buildRules = (
			);
			dependencies = (
				B4EBFB562B922C68003A0A05 /* PBXTargetDependency */,
			);
			name = TVMazeTests;
			productName = TVMazeTests;
			productReference = B4EBFB542B922C68003A0A05 /* TVMazeTests.xctest */;
			productType = "com.apple.product-type.bundle.unit-test";
		};
/* End PBXNativeTarget section */

/* Begin PBXProject section */
		B4EBFB362B922C63003A0A05 /* Project object */ = {
			isa = PBXProject;
			attributes = {
				BuildIndependentTargetsInParallel = 1;
				LastSwiftUpdateCheck = 1500;
				LastUpgradeCheck = 1500;
				TargetAttributes = {
					B4EBFB3D2B922C63003A0A05 = {
						CreatedOnToolsVersion = 15.0.1;
					};
					B4EBFB532B922C68003A0A05 = {
						CreatedOnToolsVersion = 15.0.1;
						TestTargetID = B4EBFB3D2B922C63003A0A05;
					};
				};
			};
			buildConfigurationList = B4EBFB392B922C63003A0A05 /* Build configuration list for PBXProject "TVMaze" */;
			compatibilityVersion = "Xcode 14.0";
			developmentRegion = en;
			hasScannedForEncodings = 0;
			knownRegions = (
				en,
				Base,
			);
			mainGroup = B4EBFB352B922C63003A0A05;
			productRefGroup = B4EBFB3F2B922C63003A0A05 /* Products */;
			projectDirPath = "";
			projectRoot = "";
			targets = (
				B4EBFB3D2B922C63003A0A05 /* TVMaze */,
				B4EBFB532B922C68003A0A05 /* TVMazeTests */,
			);
		};
/* End PBXProject section */

/* Begin PBXResourcesBuildPhase section */
		B4EBFB3C2B922C63003A0A05 /* Resources */ = {
			isa = PBXResourcesBuildPhase;
			buildActionMask = 2147483647;
			files = (
				B4EBFB4E2B922C68003A0A05 /* LaunchScreen.storyboard in Resources */,
				B4EBFB4B2B922C68003A0A05 /* Assets.xcassets in Resources */,
			);
			runOnlyForDeploymentPostprocessing = 0;
		};
		B4EBFB522B922C68003A0A05 /* Resources */ = {
			isa = PBXResourcesBuildPhase;
			buildActionMask = 2147483647;
			files = (
				B44573292B969C1A0059280A /* show_seasons.json in Resources */,
				B445732E2B969F600059280A /* show_season_episodes.json in Resources */,
				B44573242B96935C0059280A /* show_model_search.json in Resources */,
				B44573222B968B6B0059280A /* show_model.json in Resources */,
			);
			runOnlyForDeploymentPostprocessing = 0;
		};
/* End PBXResourcesBuildPhase section */

/* Begin PBXShellScriptBuildPhase section */
		1EF2B8361C35E0711ABE8B13 /* [CP] Embed Pods Frameworks */ = {
			isa = PBXShellScriptBuildPhase;
			buildActionMask = 2147483647;
			files = (
			);
			inputFileListPaths = (
				"${PODS_ROOT}/Target Support Files/Pods-TVMaze/Pods-TVMaze-frameworks-${CONFIGURATION}-input-files.xcfilelist",
			);
			name = "[CP] Embed Pods Frameworks";
			outputFileListPaths = (
				"${PODS_ROOT}/Target Support Files/Pods-TVMaze/Pods-TVMaze-frameworks-${CONFIGURATION}-output-files.xcfilelist",
			);
			runOnlyForDeploymentPostprocessing = 0;
			shellPath = /bin/sh;
			shellScript = "\"${PODS_ROOT}/Target Support Files/Pods-TVMaze/Pods-TVMaze-frameworks.sh\"\n";
			showEnvVarsInLog = 0;
		};
		2DA758DB90A82D5E9386C338 /* [CP] Check Pods Manifest.lock */ = {
			isa = PBXShellScriptBuildPhase;
			buildActionMask = 2147483647;
			files = (
			);
			inputFileListPaths = (
			);
			inputPaths = (
				"${PODS_PODFILE_DIR_PATH}/Podfile.lock",
				"${PODS_ROOT}/Manifest.lock",
			);
			name = "[CP] Check Pods Manifest.lock";
			outputFileListPaths = (
			);
			outputPaths = (
				"$(DERIVED_FILE_DIR)/Pods-TVMazeTests-checkManifestLockResult.txt",
			);
			runOnlyForDeploymentPostprocessing = 0;
			shellPath = /bin/sh;
			shellScript = "diff \"${PODS_PODFILE_DIR_PATH}/Podfile.lock\" \"${PODS_ROOT}/Manifest.lock\" > /dev/null\nif [ $? != 0 ] ; then\n    # print error to STDERR\n    echo \"error: The sandbox is not in sync with the Podfile.lock. Run 'pod install' or update your CocoaPods installation.\" >&2\n    exit 1\nfi\n# This output is used by Xcode 'outputs' to avoid re-running this script phase.\necho \"SUCCESS\" > \"${SCRIPT_OUTPUT_FILE_0}\"\n";
			showEnvVarsInLog = 0;
		};
		72EA598619970BF0E6F715CB /* [CP] Check Pods Manifest.lock */ = {
			isa = PBXShellScriptBuildPhase;
			buildActionMask = 2147483647;
			files = (
			);
			inputFileListPaths = (
			);
			inputPaths = (
				"${PODS_PODFILE_DIR_PATH}/Podfile.lock",
				"${PODS_ROOT}/Manifest.lock",
			);
			name = "[CP] Check Pods Manifest.lock";
			outputFileListPaths = (
			);
			outputPaths = (
				"$(DERIVED_FILE_DIR)/Pods-TVMaze-checkManifestLockResult.txt",
			);
			runOnlyForDeploymentPostprocessing = 0;
			shellPath = /bin/sh;
			shellScript = "diff \"${PODS_PODFILE_DIR_PATH}/Podfile.lock\" \"${PODS_ROOT}/Manifest.lock\" > /dev/null\nif [ $? != 0 ] ; then\n    # print error to STDERR\n    echo \"error: The sandbox is not in sync with the Podfile.lock. Run 'pod install' or update your CocoaPods installation.\" >&2\n    exit 1\nfi\n# This output is used by Xcode 'outputs' to avoid re-running this script phase.\necho \"SUCCESS\" > \"${SCRIPT_OUTPUT_FILE_0}\"\n";
			showEnvVarsInLog = 0;
		};
		B4EBFB712B922EE2003A0A05 /* Swiftlint */ = {
			isa = PBXShellScriptBuildPhase;
			alwaysOutOfDate = 1;
			buildActionMask = 2147483647;
			files = (
			);
			inputFileListPaths = (
			);
			inputPaths = (
			);
			name = Swiftlint;
			outputFileListPaths = (
			);
			outputPaths = (
			);
			runOnlyForDeploymentPostprocessing = 0;
			shellPath = /bin/sh;
			shellScript = "\"${PODS_ROOT}/SwiftLint/swiftlint\"\n";
		};
/* End PBXShellScriptBuildPhase section */

/* Begin PBXSourcesBuildPhase section */
		B4EBFB3A2B922C63003A0A05 /* Sources */ = {
			isa = PBXSourcesBuildPhase;
			buildActionMask = 2147483647;
			files = (
				B4EBFB7B2B92508C003A0A05 /* NetworkError.swift in Sources */,
				B4EBFB422B922C63003A0A05 /* AppDelegate.swift in Sources */,
				B4B980932B941F330037076A /* SeasonEpisodesViewModel.swift in Sources */,
				B4EBFB792B92508C003A0A05 /* NetworkRequestFactory.swift in Sources */,
				B49892AE2B945D73009AF4F3 /* String+Extensions.swift in Sources */,
				B4EBFBA52B9264DC003A0A05 /* ShowCollectionViewCell.swift in Sources */,
				B4EBFBA32B926434003A0A05 /* ShowsCollectionView.swift in Sources */,
				B4EBFB7F2B9250C8003A0A05 /* AppCoordinator.swift in Sources */,
				B4B980982B9421710037076A /* SeasonEpisodesModel.swift in Sources */,
				B44DBA842B961B0100B5F171 /* ShowFavoritesItem+CoreDataProperties.swift in Sources */,
				B40F20902B9386390040692A /* ShowDetailCoordinator.swift in Sources */,
				B4EBFB832B925162003A0A05 /* AppThemeConfig.swift in Sources */,
				B4EBFB952B92552E003A0A05 /* ShowsListCoordinator.swift in Sources */,
				B44DBA832B961B0100B5F171 /* ShowFavoritesItem+CoreDataClass.swift in Sources */,
				B4EBFB8B2B9251A9003A0A05 /* UIView+Extension.swift in Sources */,
				B4EBFB782B92508C003A0A05 /* NetworkService.swift in Sources */,
				B40F20962B938F680040692A /* ShowDetailTableViewCell.swift in Sources */,
				B4B980912B941F0A0037076A /* SeasonEpisodesCoordinator.swift in Sources */,
				B4B980952B941F400037076A /* SeasonEpisodesViewController.swift in Sources */,
				B49892B32B95DF6F009AF4F3 /* CoreDataContextProvider.swift in Sources */,
				B4B9809A2B9426330037076A /* SeasonEpisodeTableViewCell.swift in Sources */,
				B46C18352B944DCA00AC6BDE /* SearchHeaderCollectionView.swift in Sources */,
				B49892BC2B95EEA1009AF4F3 /* ShowFavoritesRepository.swift in Sources */,
				B44DBA892B96233300B5F171 /* TabBarCoordinator.swift in Sources */,
				B4EBFB8A2B9251A9003A0A05 /* UIImageView+Extension.swift in Sources */,
				B4EBFB8C2B9251A9003A0A05 /* URLResponse+Extension.swift in Sources */,
				B4E57E6D2B9636D000BFD8C7 /* LoadingView.swift in Sources */,
				B4EBFB442B922C63003A0A05 /* SceneDelegate.swift in Sources */,
				B4B9808B2B941DC50037076A /* ShowSeasonsModel.swift in Sources */,
				B4EBFB7A2B92508C003A0A05 /* NetworkAPI.swift in Sources */,
				B468CB602B93C3B300072358 /* ShowDetailSeasonTableViewCell.swift in Sources */,
				B4EBFB9B2B9255FA003A0A05 /* ShowsView.swift in Sources */,
				B4EBFBA12B925E08003A0A05 /* ShowModel.swift in Sources */,
				B40F208C2B9386270040692A /* ShowDetailViewModel.swift in Sources */,
				B4B980882B93D3FF0037076A /* UILabel+Extensions.swift in Sources */,
				B4EBFB8D2B9251A9003A0A05 /* CancelBag.swift in Sources */,
				B4EBFB992B92554F003A0A05 /* ShowsListViewController.swift in Sources */,
				B4EBFB802B9250C8003A0A05 /* Coordinator.swift in Sources */,
				B49892B62B95E02F009AF4F3 /* ShowFavorites.xcdatamodeld in Sources */,
				B44DBA862B961B1400B5F171 /* RepositoryProtocol.swift in Sources */,
				B40F208E2B9386310040692A /* ShowDetailViewController.swift in Sources */,
				B4EBFB9E2B925623003A0A05 /* ShowsAPI.swift in Sources */,
				B4EBFB972B925545003A0A05 /* ShowsListViewModel.swift in Sources */,
			);
			runOnlyForDeploymentPostprocessing = 0;
		};
		B4EBFB502B922C68003A0A05 /* Sources */ = {
			isa = PBXSourcesBuildPhase;
			buildActionMask = 2147483647;
			files = (
				B46AE9A02B966502000DB444 /* ShowsAPITests.swift in Sources */,
				B46AE99D2B9664DD000DB444 /* MockedResponse.swift in Sources */,
				B46AE9A62B967242000DB444 /* XCTest+Extension.swift in Sources */,
				B46AE9A42B967039000DB444 /* ShowFavoritesRepositoryMock.swift in Sources */,
				B46AE9A22B966E8D000DB444 /* ShowsListViewModelTests.swift in Sources */,
				B46AE99A2B9664DD000DB444 /* NetworkRequestFactoryTest.swift in Sources */,
				B44573262B9697930059280A /* ShowDetailViewModelTests.swift in Sources */,
				B445732B2B969E310059280A /* SeasonEpisodesViewModelTests.swift in Sources */,
				B46AE99C2B9664DD000DB444 /* TestAPI.swift in Sources */,
				B46AE99E2B9664DD000DB444 /* NetworkServiceTests.swift in Sources */,
				B46AE99B2B9664DD000DB444 /* ExecutorMock.swift in Sources */,
			);
			runOnlyForDeploymentPostprocessing = 0;
		};
/* End PBXSourcesBuildPhase section */

/* Begin PBXTargetDependency section */
		B4EBFB562B922C68003A0A05 /* PBXTargetDependency */ = {
			isa = PBXTargetDependency;
			target = B4EBFB3D2B922C63003A0A05 /* TVMaze */;
			targetProxy = B4EBFB552B922C68003A0A05 /* PBXContainerItemProxy */;
		};
/* End PBXTargetDependency section */

/* Begin PBXVariantGroup section */
		B4EBFB4C2B922C68003A0A05 /* LaunchScreen.storyboard */ = {
			isa = PBXVariantGroup;
			children = (
				B4EBFB4D2B922C68003A0A05 /* Base */,
			);
			name = LaunchScreen.storyboard;
			sourceTree = "<group>";
		};
/* End PBXVariantGroup section */

/* Begin XCBuildConfiguration section */
		B4EBFB662B922C68003A0A05 /* Debug */ = {
			isa = XCBuildConfiguration;
			buildSettings = {
				ALWAYS_SEARCH_USER_PATHS = NO;
				ASSETCATALOG_COMPILER_GENERATE_SWIFT_ASSET_SYMBOL_EXTENSIONS = YES;
				CLANG_ANALYZER_NONNULL = YES;
				CLANG_ANALYZER_NUMBER_OBJECT_CONVERSION = YES_AGGRESSIVE;
				CLANG_CXX_LANGUAGE_STANDARD = "gnu++20";
				CLANG_ENABLE_MODULES = YES;
				CLANG_ENABLE_OBJC_ARC = YES;
				CLANG_ENABLE_OBJC_WEAK = YES;
				CLANG_WARN_BLOCK_CAPTURE_AUTORELEASING = YES;
				CLANG_WARN_BOOL_CONVERSION = YES;
				CLANG_WARN_COMMA = YES;
				CLANG_WARN_CONSTANT_CONVERSION = YES;
				CLANG_WARN_DEPRECATED_OBJC_IMPLEMENTATIONS = YES;
				CLANG_WARN_DIRECT_OBJC_ISA_USAGE = YES_ERROR;
				CLANG_WARN_DOCUMENTATION_COMMENTS = YES;
				CLANG_WARN_EMPTY_BODY = YES;
				CLANG_WARN_ENUM_CONVERSION = YES;
				CLANG_WARN_INFINITE_RECURSION = YES;
				CLANG_WARN_INT_CONVERSION = YES;
				CLANG_WARN_NON_LITERAL_NULL_CONVERSION = YES;
				CLANG_WARN_OBJC_IMPLICIT_RETAIN_SELF = YES;
				CLANG_WARN_OBJC_LITERAL_CONVERSION = YES;
				CLANG_WARN_OBJC_ROOT_CLASS = YES_ERROR;
				CLANG_WARN_QUOTED_INCLUDE_IN_FRAMEWORK_HEADER = YES;
				CLANG_WARN_RANGE_LOOP_ANALYSIS = YES;
				CLANG_WARN_STRICT_PROTOTYPES = YES;
				CLANG_WARN_SUSPICIOUS_MOVE = YES;
				CLANG_WARN_UNGUARDED_AVAILABILITY = YES_AGGRESSIVE;
				CLANG_WARN_UNREACHABLE_CODE = YES;
				CLANG_WARN__DUPLICATE_METHOD_MATCH = YES;
				COPY_PHASE_STRIP = NO;
				DEBUG_INFORMATION_FORMAT = dwarf;
				ENABLE_STRICT_OBJC_MSGSEND = YES;
				ENABLE_TESTABILITY = YES;
				ENABLE_USER_SCRIPT_SANDBOXING = NO;
				GCC_C_LANGUAGE_STANDARD = gnu17;
				GCC_DYNAMIC_NO_PIC = NO;
				GCC_NO_COMMON_BLOCKS = YES;
				GCC_OPTIMIZATION_LEVEL = 0;
				GCC_PREPROCESSOR_DEFINITIONS = (
					"DEBUG=1",
					"$(inherited)",
				);
				GCC_WARN_64_TO_32_BIT_CONVERSION = YES;
				GCC_WARN_ABOUT_RETURN_TYPE = YES_ERROR;
				GCC_WARN_UNDECLARED_SELECTOR = YES;
				GCC_WARN_UNINITIALIZED_AUTOS = YES_AGGRESSIVE;
				GCC_WARN_UNUSED_FUNCTION = YES;
				GCC_WARN_UNUSED_VARIABLE = YES;
				IPHONEOS_DEPLOYMENT_TARGET = 15.0;
				LOCALIZATION_PREFERS_STRING_CATALOGS = YES;
				MTL_ENABLE_DEBUG_INFO = INCLUDE_SOURCE;
				MTL_FAST_MATH = YES;
				ONLY_ACTIVE_ARCH = YES;
				SDKROOT = iphoneos;
				SWIFT_ACTIVE_COMPILATION_CONDITIONS = "DEBUG $(inherited)";
				SWIFT_OPTIMIZATION_LEVEL = "-Onone";
			};
			name = Debug;
		};
		B4EBFB672B922C68003A0A05 /* Release */ = {
			isa = XCBuildConfiguration;
			buildSettings = {
				ALWAYS_SEARCH_USER_PATHS = NO;
				ASSETCATALOG_COMPILER_GENERATE_SWIFT_ASSET_SYMBOL_EXTENSIONS = YES;
				CLANG_ANALYZER_NONNULL = YES;
				CLANG_ANALYZER_NUMBER_OBJECT_CONVERSION = YES_AGGRESSIVE;
				CLANG_CXX_LANGUAGE_STANDARD = "gnu++20";
				CLANG_ENABLE_MODULES = YES;
				CLANG_ENABLE_OBJC_ARC = YES;
				CLANG_ENABLE_OBJC_WEAK = YES;
				CLANG_WARN_BLOCK_CAPTURE_AUTORELEASING = YES;
				CLANG_WARN_BOOL_CONVERSION = YES;
				CLANG_WARN_COMMA = YES;
				CLANG_WARN_CONSTANT_CONVERSION = YES;
				CLANG_WARN_DEPRECATED_OBJC_IMPLEMENTATIONS = YES;
				CLANG_WARN_DIRECT_OBJC_ISA_USAGE = YES_ERROR;
				CLANG_WARN_DOCUMENTATION_COMMENTS = YES;
				CLANG_WARN_EMPTY_BODY = YES;
				CLANG_WARN_ENUM_CONVERSION = YES;
				CLANG_WARN_INFINITE_RECURSION = YES;
				CLANG_WARN_INT_CONVERSION = YES;
				CLANG_WARN_NON_LITERAL_NULL_CONVERSION = YES;
				CLANG_WARN_OBJC_IMPLICIT_RETAIN_SELF = YES;
				CLANG_WARN_OBJC_LITERAL_CONVERSION = YES;
				CLANG_WARN_OBJC_ROOT_CLASS = YES_ERROR;
				CLANG_WARN_QUOTED_INCLUDE_IN_FRAMEWORK_HEADER = YES;
				CLANG_WARN_RANGE_LOOP_ANALYSIS = YES;
				CLANG_WARN_STRICT_PROTOTYPES = YES;
				CLANG_WARN_SUSPICIOUS_MOVE = YES;
				CLANG_WARN_UNGUARDED_AVAILABILITY = YES_AGGRESSIVE;
				CLANG_WARN_UNREACHABLE_CODE = YES;
				CLANG_WARN__DUPLICATE_METHOD_MATCH = YES;
				COPY_PHASE_STRIP = NO;
				DEBUG_INFORMATION_FORMAT = "dwarf-with-dsym";
				ENABLE_NS_ASSERTIONS = NO;
				ENABLE_STRICT_OBJC_MSGSEND = YES;
				ENABLE_USER_SCRIPT_SANDBOXING = NO;
				GCC_C_LANGUAGE_STANDARD = gnu17;
				GCC_NO_COMMON_BLOCKS = YES;
				GCC_WARN_64_TO_32_BIT_CONVERSION = YES;
				GCC_WARN_ABOUT_RETURN_TYPE = YES_ERROR;
				GCC_WARN_UNDECLARED_SELECTOR = YES;
				GCC_WARN_UNINITIALIZED_AUTOS = YES_AGGRESSIVE;
				GCC_WARN_UNUSED_FUNCTION = YES;
				GCC_WARN_UNUSED_VARIABLE = YES;
				IPHONEOS_DEPLOYMENT_TARGET = 15.0;
				LOCALIZATION_PREFERS_STRING_CATALOGS = YES;
				MTL_ENABLE_DEBUG_INFO = NO;
				MTL_FAST_MATH = YES;
				SDKROOT = iphoneos;
				SWIFT_COMPILATION_MODE = wholemodule;
				VALIDATE_PRODUCT = YES;
			};
			name = Release;
		};
		B4EBFB692B922C68003A0A05 /* Debug */ = {
			isa = XCBuildConfiguration;
			baseConfigurationReference = A6C71724DBDB1139A00F4E48 /* Pods-TVMaze.debug.xcconfig */;
			buildSettings = {
				ASSETCATALOG_COMPILER_APPICON_NAME = AppIcon;
				ASSETCATALOG_COMPILER_GLOBAL_ACCENT_COLOR_NAME = AccentColor;
				CODE_SIGN_STYLE = Automatic;
				CURRENT_PROJECT_VERSION = 1;
				DEVELOPMENT_TEAM = "";
				GENERATE_INFOPLIST_FILE = YES;
				INFOPLIST_FILE = TVMaze/Info.plist;
				INFOPLIST_KEY_UIApplicationSupportsIndirectInputEvents = YES;
				INFOPLIST_KEY_UILaunchStoryboardName = LaunchScreen;
				INFOPLIST_KEY_UIMainStoryboardFile = "";
				INFOPLIST_KEY_UISupportedInterfaceOrientations = UIInterfaceOrientationPortrait;
				INFOPLIST_KEY_UISupportedInterfaceOrientations_iPad = "UIInterfaceOrientationLandscapeLeft UIInterfaceOrientationLandscapeRight UIInterfaceOrientationPortrait UIInterfaceOrientationPortraitUpsideDown";
				IPHONEOS_DEPLOYMENT_TARGET = 15.0;
				LD_RUNPATH_SEARCH_PATHS = (
					"$(inherited)",
					"@executable_path/Frameworks",
				);
				MARKETING_VERSION = 1.0;
				PRODUCT_BUNDLE_IDENTIFIER = gabrie.com.TVMaze;
				PRODUCT_NAME = "$(TARGET_NAME)";
				SUPPORTED_PLATFORMS = "iphoneos iphonesimulator";
				SUPPORTS_MACCATALYST = NO;
				SUPPORTS_MAC_DESIGNED_FOR_IPHONE_IPAD = NO;
				SWIFT_EMIT_LOC_STRINGS = YES;
				SWIFT_VERSION = 5.0;
				TARGETED_DEVICE_FAMILY = 1;
			};
			name = Debug;
		};
		B4EBFB6A2B922C68003A0A05 /* Release */ = {
			isa = XCBuildConfiguration;
			baseConfigurationReference = 358E9DA16484A5E16E8C1446 /* Pods-TVMaze.release.xcconfig */;
			buildSettings = {
				ASSETCATALOG_COMPILER_APPICON_NAME = AppIcon;
				ASSETCATALOG_COMPILER_GLOBAL_ACCENT_COLOR_NAME = AccentColor;
				CODE_SIGN_STYLE = Automatic;
				CURRENT_PROJECT_VERSION = 1;
				DEVELOPMENT_TEAM = "";
				GENERATE_INFOPLIST_FILE = YES;
				INFOPLIST_FILE = TVMaze/Info.plist;
				INFOPLIST_KEY_UIApplicationSupportsIndirectInputEvents = YES;
				INFOPLIST_KEY_UILaunchStoryboardName = LaunchScreen;
				INFOPLIST_KEY_UIMainStoryboardFile = "";
				INFOPLIST_KEY_UISupportedInterfaceOrientations = UIInterfaceOrientationPortrait;
				INFOPLIST_KEY_UISupportedInterfaceOrientations_iPad = "UIInterfaceOrientationLandscapeLeft UIInterfaceOrientationLandscapeRight UIInterfaceOrientationPortrait UIInterfaceOrientationPortraitUpsideDown";
				IPHONEOS_DEPLOYMENT_TARGET = 15.0;
				LD_RUNPATH_SEARCH_PATHS = (
					"$(inherited)",
					"@executable_path/Frameworks",
				);
				MARKETING_VERSION = 1.0;
				PRODUCT_BUNDLE_IDENTIFIER = gabrie.com.TVMaze;
				PRODUCT_NAME = "$(TARGET_NAME)";
				SUPPORTED_PLATFORMS = "iphoneos iphonesimulator";
				SUPPORTS_MACCATALYST = NO;
				SUPPORTS_MAC_DESIGNED_FOR_IPHONE_IPAD = NO;
				SWIFT_EMIT_LOC_STRINGS = YES;
				SWIFT_VERSION = 5.0;
				TARGETED_DEVICE_FAMILY = 1;
			};
			name = Release;
		};
		B4EBFB6C2B922C68003A0A05 /* Debug */ = {
			isa = XCBuildConfiguration;
			baseConfigurationReference = 1D9B301FE30A41B611D0582C /* Pods-TVMazeTests.debug.xcconfig */;
			buildSettings = {
				ALWAYS_EMBED_SWIFT_STANDARD_LIBRARIES = YES;
				BUNDLE_LOADER = "$(TEST_HOST)";
				CODE_SIGN_STYLE = Automatic;
				CURRENT_PROJECT_VERSION = 1;
				DEVELOPMENT_TEAM = K6C558A8WL;
				GENERATE_INFOPLIST_FILE = YES;
				IPHONEOS_DEPLOYMENT_TARGET = 15.0;
				MARKETING_VERSION = 1.0;
				PRODUCT_BUNDLE_IDENTIFIER = gabrie.com.TVMazeTests;
				PRODUCT_NAME = "$(TARGET_NAME)";
				SUPPORTED_PLATFORMS = "iphoneos iphonesimulator";
				SUPPORTS_MACCATALYST = NO;
				SUPPORTS_MAC_DESIGNED_FOR_IPHONE_IPAD = NO;
				SWIFT_EMIT_LOC_STRINGS = NO;
				SWIFT_VERSION = 5.0;
				TARGETED_DEVICE_FAMILY = 1;
				TEST_HOST = "$(BUILT_PRODUCTS_DIR)/TVMaze.app/$(BUNDLE_EXECUTABLE_FOLDER_PATH)/TVMaze";
			};
			name = Debug;
		};
		B4EBFB6D2B922C68003A0A05 /* Release */ = {
			isa = XCBuildConfiguration;
			baseConfigurationReference = DEFE72ECEDF16685E3813E1A /* Pods-TVMazeTests.release.xcconfig */;
			buildSettings = {
				ALWAYS_EMBED_SWIFT_STANDARD_LIBRARIES = YES;
				BUNDLE_LOADER = "$(TEST_HOST)";
				CODE_SIGN_STYLE = Automatic;
				CURRENT_PROJECT_VERSION = 1;
				DEVELOPMENT_TEAM = K6C558A8WL;
				GENERATE_INFOPLIST_FILE = YES;
				IPHONEOS_DEPLOYMENT_TARGET = 15.0;
				MARKETING_VERSION = 1.0;
				PRODUCT_BUNDLE_IDENTIFIER = gabrie.com.TVMazeTests;
				PRODUCT_NAME = "$(TARGET_NAME)";
				SUPPORTED_PLATFORMS = "iphoneos iphonesimulator";
				SUPPORTS_MACCATALYST = NO;
				SUPPORTS_MAC_DESIGNED_FOR_IPHONE_IPAD = NO;
				SWIFT_EMIT_LOC_STRINGS = NO;
				SWIFT_VERSION = 5.0;
				TARGETED_DEVICE_FAMILY = 1;
				TEST_HOST = "$(BUILT_PRODUCTS_DIR)/TVMaze.app/$(BUNDLE_EXECUTABLE_FOLDER_PATH)/TVMaze";
			};
			name = Release;
		};
/* End XCBuildConfiguration section */

/* Begin XCConfigurationList section */
		B4EBFB392B922C63003A0A05 /* Build configuration list for PBXProject "TVMaze" */ = {
			isa = XCConfigurationList;
			buildConfigurations = (
				B4EBFB662B922C68003A0A05 /* Debug */,
				B4EBFB672B922C68003A0A05 /* Release */,
			);
			defaultConfigurationIsVisible = 0;
			defaultConfigurationName = Release;
		};
		B4EBFB682B922C68003A0A05 /* Build configuration list for PBXNativeTarget "TVMaze" */ = {
			isa = XCConfigurationList;
			buildConfigurations = (
				B4EBFB692B922C68003A0A05 /* Debug */,
				B4EBFB6A2B922C68003A0A05 /* Release */,
			);
			defaultConfigurationIsVisible = 0;
			defaultConfigurationName = Release;
		};
		B4EBFB6B2B922C68003A0A05 /* Build configuration list for PBXNativeTarget "TVMazeTests" */ = {
			isa = XCConfigurationList;
			buildConfigurations = (
				B4EBFB6C2B922C68003A0A05 /* Debug */,
				B4EBFB6D2B922C68003A0A05 /* Release */,
			);
			defaultConfigurationIsVisible = 0;
			defaultConfigurationName = Release;
		};
/* End XCConfigurationList section */

/* Begin XCVersionGroup section */
		B49892B42B95E02F009AF4F3 /* ShowFavorites.xcdatamodeld */ = {
			isa = XCVersionGroup;
			children = (
				B49892B52B95E02F009AF4F3 /* ShowFavorites.xcdatamodel */,
			);
			currentVersion = B49892B52B95E02F009AF4F3 /* ShowFavorites.xcdatamodel */;
			path = ShowFavorites.xcdatamodeld;
			sourceTree = "<group>";
			versionGroupType = wrapper.xcdatamodel;
		};
/* End XCVersionGroup section */
	};
	rootObject = B4EBFB362B922C63003A0A05 /* Project object */;
}
